
Microsoft Visual Studio Solution File, Format Version 12.00
# Visual Studio Version 17
VisualStudioVersion = 17.0.31903.59
MinimumVisualStudioVersion = 10.0.40219.1
Project("{2150E333-8FDC-42A3-9474-1A3956D46DE8}") = "tests", "tests", "{0AB3BF05-4346-4AA6-1389-037BE0695223}"
EndProject
Project("{FAE04EC0-301F-11D3-BF4B-00C04F79EFBC}") = "Deckle.Audio.Tests", "tests\Deckle.Audio.Tests\Deckle.Audio.Tests.csproj", "{A5F1E9EB-D2D7-4E8C-89F2-A7CD7D08E310}"
EndProject
Project("{FAE04EC0-301F-11D3-BF4B-00C04F79EFBC}") = "Deckle.TestSupport", "tests\Deckle.TestSupport\Deckle.TestSupport.csproj", "{75D7BE6F-8904-4DC2-B635-AC4D278CC0D9}"
EndProject
Project("{2150E333-8FDC-42A3-9474-1A3956D46DE8}") = "src", "src", "{827E0CD3-B72D-47B6-A68D-7590B98EB39B}"
EndProject
Project("{FAE04EC0-301F-11D3-BF4B-00C04F79EFBC}") = "Deckle.Diagnostics", "src\Deckle.Diagnostics\Deckle.Diagnostics.csproj", "{0BEC5089-0135-40E4-AC58-3D609FEB6A01}"
EndProject
Project("{FAE04EC0-301F-11D3-BF4B-00C04F79EFBC}") = "Deckle.Audio", "src\Deckle.Audio\Deckle.Audio.csproj", "{C5ED320B-27BC-4AD5-8BC5-F6D402835ECF}"
EndProject
Project("{FAE04EC0-301F-11D3-BF4B-00C04F79EFBC}") = "Deckle.Core", "src\Deckle.Core\Deckle.Core.csproj", "{01F45EEB-DA36-45E0-852D-4A9126B9A8E4}"
EndProject
Project("{FAE04EC0-301F-11D3-BF4B-00C04F79EFBC}") = "Deckle.Chrono.Tests", "tests\Deckle.Chrono.Tests\Deckle.Chrono.Tests.csproj", "{E6072259-9878-4017-ACBE-95016A3BD169}"
EndProject
Project("{FAE04EC0-301F-11D3-BF4B-00C04F79EFBC}") = "Deckle.Chrono", "src\Deckle.Chrono\Deckle.Chrono.csproj", "{867C3CEC-6C12-428E-A5D5-C34497885600}"
EndProject
Project("{FAE04EC0-301F-11D3-BF4B-00C04F79EFBC}") = "Deckle.Diagnostics.Telemetry.Tests", "tests\Deckle.Diagnostics.Telemetry.Tests\Deckle.Diagnostics.Telemetry.Tests.csproj", "{34DD5516-9E8D-4610-B993-C346BB705D74}"
EndProject
Project("{FAE04EC0-301F-11D3-BF4B-00C04F79EFBC}") = "Deckle.Diagnostics.Telemetry", "src\Deckle.Diagnostics.Telemetry\Deckle.Diagnostics.Telemetry.csproj", "{D28D25C4-EEB8-467F-922A-2DED4B826741}"
EndProject
Project("{FAE04EC0-301F-11D3-BF4B-00C04F79EFBC}") = "Deckle.Diagnostics.Logging", "src\Deckle.Diagnostics.Logging\Deckle.Diagnostics.Logging.csproj", "{92E60636-F982-4A3D-BE01-3DDC7C46BAF5}"
EndProject
Project("{FAE04EC0-301F-11D3-BF4B-00C04F79EFBC}") = "Deckle.Diagnostics.Tests", "tests\Deckle.Diagnostics.Tests\Deckle.Diagnostics.Tests.csproj", "{51949870-76E9-49A8-80FD-35521867BF09}"
EndProject
Project("{FAE04EC0-301F-11D3-BF4B-00C04F79EFBC}") = "Deckle.Hud.Tests", "tests\Deckle.Hud.Tests\Deckle.Hud.Tests.csproj", "{FD845B15-A53F-445D-BE5A-020B522C3716}"
EndProject
Project("{FAE04EC0-301F-11D3-BF4B-00C04F79EFBC}") = "Deckle.Hud", "src\Deckle.Hud\Deckle.Hud.csproj", "{BE74BB3D-8C82-4C38-BFC5-14F1F41C95AB}"
EndProject
Project("{FAE04EC0-301F-11D3-BF4B-00C04F79EFBC}") = "Deckle.Catalog", "src\Deckle.Catalog\Deckle.Catalog.csproj", "{B22AC6D5-00BC-4761-9931-8D7BDC65747C}"
EndProject
Project("{FAE04EC0-301F-11D3-BF4B-00C04F79EFBC}") = "Deckle.Composition", "src\Deckle.Composition\Deckle.Composition.csproj", "{5A912C4C-2A64-4B44-99D7-A8C6DABA1AB3}"
EndProject
Project("{FAE04EC0-301F-11D3-BF4B-00C04F79EFBC}") = "Deckle.Settings", "src\Deckle.Settings\Deckle.Settings.csproj", "{9B73D741-80D2-45FC-B4A4-41F5C664A52C}"
EndProject
Project("{FAE04EC0-301F-11D3-BF4B-00C04F79EFBC}") = "Deckle.Shell", "src\Deckle.Shell\Deckle.Shell.csproj", "{80A08933-481C-4D2E-88D3-528FCC5726CA}"
EndProject
Project("{FAE04EC0-301F-11D3-BF4B-00C04F79EFBC}") = "Deckle.Lighting.Ambient.Tests", "tests\Deckle.Lighting.Ambient.Tests\Deckle.Lighting.Ambient.Tests.csproj", "{603CB380-5493-4005-9C02-B8A5DA41D02F}"
EndProject
Project("{FAE04EC0-301F-11D3-BF4B-00C04F79EFBC}") = "Deckle.Lighting.Ambient", "src\Deckle.Lighting.Ambient\Deckle.Lighting.Ambient.csproj", "{B8A98FA7-404D-41B3-BFF4-DCBEF9EC3496}"
EndProject
Project("{FAE04EC0-301F-11D3-BF4B-00C04F79EFBC}") = "Deckle.Lighting", "src\Deckle.Lighting\Deckle.Lighting.csproj", "{661FCF5C-CBC5-44C9-9077-0706A759D34A}"
EndProject
Project("{FAE04EC0-301F-11D3-BF4B-00C04F79EFBC}") = "Deckle.Vision", "src\Deckle.Vision\Deckle.Vision.csproj", "{8E1DA631-8970-4406-9AB1-8F1CAF108650}"
EndProject
Project("{FAE04EC0-301F-11D3-BF4B-00C04F79EFBC}") = "Deckle.Shell.Tests", "tests\Deckle.Shell.Tests\Deckle.Shell.Tests.csproj", "{0A01E420-7384-4001-AEDC-E19C1C721FD9}"
EndProject
Project("{FAE04EC0-301F-11D3-BF4B-00C04F79EFBC}") = "Deckle.Transcription.Tests", "tests\Deckle.Transcription.Tests\Deckle.Transcription.Tests.csproj", "{9C5C46D2-B61F-426D-858D-77D589111A33}"
EndProject
Project("{FAE04EC0-301F-11D3-BF4B-00C04F79EFBC}") = "Deckle.Transcription", "src\Deckle.Transcription\Deckle.Transcription.csproj", "{151737B1-CE6A-43A1-A0F2-F484455E7DE9}"
EndProject
Project("{FAE04EC0-301F-11D3-BF4B-00C04F79EFBC}") = "Deckle.Llm", "src\Deckle.Llm\Deckle.Llm.csproj", "{578CE829-8828-4CDF-9730-A1B08CE12692}"
EndProject
Project("{FAE04EC0-301F-11D3-BF4B-00C04F79EFBC}") = "Deckle.Llm.Rewrite", "src\Deckle.Llm.Rewrite\Deckle.Llm.Rewrite.csproj", "{D50AC477-584E-41F1-B8AB-B10C373E3341}"
EndProject
Project("{FAE04EC0-301F-11D3-BF4B-00C04F79EFBC}") = "Deckle.Vision.Tests", "tests\Deckle.Vision.Tests\Deckle.Vision.Tests.csproj", "{120D8EBA-FF5A-4658-BA62-62CFCBB9106D}"
EndProject
Project("{FAE04EC0-301F-11D3-BF4B-00C04F79EFBC}") = "Deckle.Transcription.Whisper", "src\Deckle.Transcription.Whisper\Deckle.Transcription.Whisper.csproj", "{D7472EE6-C6AE-4A15-B983-F68075C3F382}"
EndProject
Project("{FAE04EC0-301F-11D3-BF4B-00C04F79EFBC}") = "Deckle.Transcription.Whisper.Tests", "tests\Deckle.Transcription.Whisper.Tests\Deckle.Transcription.Whisper.Tests.csproj", "{F5037E67-457B-4601-8F17-57CE95886CF5}"
EndProject
Project("{FAE04EC0-301F-11D3-BF4B-00C04F79EFBC}") = "Deckle.Inference.Onnx", "src\Deckle.Inference.Onnx\Deckle.Inference.Onnx.csproj", "{F33AEA67-EE4D-4616-A58D-53F0A8712AB4}"
EndProject
Project("{FAE04EC0-301F-11D3-BF4B-00C04F79EFBC}") = "Deckle.Vad", "src\Deckle.Vad\Deckle.Vad.csproj", "{47FBF1E0-C7FC-4E56-8642-C93FB17F2CCF}"
EndProject
Project("{FAE04EC0-301F-11D3-BF4B-00C04F79EFBC}") = "Deckle.Vad.Tests", "tests\Deckle.Vad.Tests\Deckle.Vad.Tests.csproj", "{23C8B965-A1D2-4C70-9F22-4B6434EB4B49}"
EndProject
Project("{FAE04EC0-301F-11D3-BF4B-00C04F79EFBC}") = "Deckle.Input.Tests", "tests\Deckle.Input.Tests\Deckle.Input.Tests.csproj", "{E02FAC25-1F2B-4B17-8855-F5AE99767E37}"
EndProject
Project("{FAE04EC0-301F-11D3-BF4B-00C04F79EFBC}") = "Deckle.Input", "src\Deckle.Input\Deckle.Input.csproj", "{98BD922D-FB99-4C76-AB54-17155F5932DD}"
EndProject
Project("{FAE04EC0-301F-11D3-BF4B-00C04F79EFBC}") = "Deckle.Input.Trackpad.Tests", "tests\Deckle.Input.Trackpad.Tests\Deckle.Input.Trackpad.Tests.csproj", "{B153D8DA-2A39-4F08-9EEA-8F7D33F25A52}"
EndProject
Project("{FAE04EC0-301F-11D3-BF4B-00C04F79EFBC}") = "Deckle.Input.Trackpad", "src\Deckle.Input.Trackpad\Deckle.Input.Trackpad.csproj", "{47FA6A49-BBB2-413A-8ECE-E41459113C2D}"
EndProject
Project("{FAE04EC0-301F-11D3-BF4B-00C04F79EFBC}") = "Deckle.Anytype.Tests", "tests\Deckle.Anytype.Tests\Deckle.Anytype.Tests.csproj", "{E3BF8EE0-D4A9-4571-9E2A-1458A3526D4B}"
EndProject
Project("{FAE04EC0-301F-11D3-BF4B-00C04F79EFBC}") = "Deckle.Anytype", "src\Deckle.Anytype\Deckle.Anytype.csproj", "{D5310DA1-69AC-4EA7-A8C1-DD04B9B46AEA}"
EndProject
Project("{FAE04EC0-301F-11D3-BF4B-00C04F79EFBC}") = "Deckle.Anytype.Mcp.Tests", "tests\Deckle.Anytype.Mcp.Tests\Deckle.Anytype.Mcp.Tests.csproj", "{39555F83-5A2C-4A71-8A5E-3C29FB7CEACD}"
EndProject
Project("{FAE04EC0-301F-11D3-BF4B-00C04F79EFBC}") = "Deckle.Anytype.Mcp", "src\Deckle.Anytype.Mcp\Deckle.Anytype.Mcp.csproj", "{93358EA0-B7C4-4C8C-8456-F58F1772D996}"
EndProject
Project("{FAE04EC0-301F-11D3-BF4B-00C04F79EFBC}") = "Deckle.Notifications.Tests", "tests\Deckle.Notifications.Tests\Deckle.Notifications.Tests.csproj", "{A6131B4E-0189-41D3-AD30-5102F2D11519}"
EndProject
Project("{FAE04EC0-301F-11D3-BF4B-00C04F79EFBC}") = "Deckle.Notifications", "src\Deckle.Notifications\Deckle.Notifications.csproj", "{CE0B1F12-1BC7-44BF-9E04-9981170E6C07}"
EndProject
Project("{FAE04EC0-301F-11D3-BF4B-00C04F79EFBC}") = "Deckle.Shell.TaskbarCover.Tests", "tests\Deckle.Shell.TaskbarCover.Tests\Deckle.Shell.TaskbarCover.Tests.csproj", "{6245B4EF-58B1-45C1-9C52-3D5C540E745D}"
EndProject
Project("{FAE04EC0-301F-11D3-BF4B-00C04F79EFBC}") = "Deckle.Shell.TaskbarCover", "src\Deckle.Shell.TaskbarCover\Deckle.Shell.TaskbarCover.csproj", "{00406FCF-0B47-4EF1-8EBE-F077DE939890}"
EndProject
Project("{FAE04EC0-301F-11D3-BF4B-00C04F79EFBC}") = "Deckle.Autocorrect.Tests", "tests\Deckle.Autocorrect.Tests\Deckle.Autocorrect.Tests.csproj", "{B967EBE1-72E1-4F50-8194-612C4A12119D}"
EndProject
Project("{FAE04EC0-301F-11D3-BF4B-00C04F79EFBC}") = "Deckle.Autocorrect", "src\Deckle.Autocorrect\Deckle.Autocorrect.csproj", "{E0364F56-C996-4981-AFAD-50AE54A5B30A}"
EndProject
Project("{FAE04EC0-301F-11D3-BF4B-00C04F79EFBC}") = "Deckle.Autocorrect.Mlm", "src\Deckle.Autocorrect.Mlm\Deckle.Autocorrect.Mlm.csproj", "{BAF91DD0-05AB-4C65-BB08-A31B35D7A114}"
EndProject
Project("{FAE04EC0-301F-11D3-BF4B-00C04F79EFBC}") = "Deckle.Autocorrect.Lab", "src\Deckle.Autocorrect.Lab\Deckle.Autocorrect.Lab.csproj", "{768B5B49-BE18-4509-A272-9CCE1C287ADD}"
EndProject
Project("{FAE04EC0-301F-11D3-BF4B-00C04F79EFBC}") = "Deckle.Speech", "src\Deckle.Speech\Deckle.Speech.csproj", "{C7704418-0059-4585-BB3D-BF7D4345DAB5}"
EndProject
Project("{FAE04EC0-301F-11D3-BF4B-00C04F79EFBC}") = "Deckle.Speech.Tests", "tests\Deckle.Speech.Tests\Deckle.Speech.Tests.csproj", "{E6CE1589-3271-4912-B690-B17B8113D6E7}"
EndProject
Project("{FAE04EC0-301F-11D3-BF4B-00C04F79EFBC}") = "Deckle.Catalog.Tests", "tests\Deckle.Catalog.Tests\Deckle.Catalog.Tests.csproj", "{6896BF67-2B7B-4856-AB41-29D76E28B1F4}"
EndProject
Project("{FAE04EC0-301F-11D3-BF4B-00C04F79EFBC}") = "Deckle.Security", "src\Deckle.Security\Deckle.Security.csproj", "{17C0852D-5218-461C-B9B2-E0D80C9CA514}"
EndProject
Project("{FAE04EC0-301F-11D3-BF4B-00C04F79EFBC}") = "Deckle.Security.Tests", "tests\Deckle.Security.Tests\Deckle.Security.Tests.csproj", "{78A32A01-FAE3-40A5-87CD-1146EF0C0CA5}"
EndProject
Project("{FAE04EC0-301F-11D3-BF4B-00C04F79EFBC}") = "Deckle.Autocorrect.Onnx", "src\Deckle.Autocorrect.Onnx\Deckle.Autocorrect.Onnx.csproj", "{9041C4B2-1B32-419B-9201-156F446F46B1}"
EndProject
Project("{FAE04EC0-301F-11D3-BF4B-00C04F79EFBC}") = "Deckle.Autocorrect.Probe", "src\Deckle.Autocorrect.Probe\Deckle.Autocorrect.Probe.csproj", "{668E2031-F176-4006-BC44-AAD80366ED89}"
EndProject
Project("{FAE04EC0-301F-11D3-BF4B-00C04F79EFBC}") = "Deckle.Lighting.Tests", "tests\Deckle.Lighting.Tests\Deckle.Lighting.Tests.csproj", "{4BAC26CF-3792-4AF5-B8A3-2B61778DFDDE}"
EndProject
Project("{FAE04EC0-301F-11D3-BF4B-00C04F79EFBC}") = "Deckle.Modules.Tests", "tests\Deckle.Modules.Tests\Deckle.Modules.Tests.csproj", "{6FB9D95C-97DE-40A6-9E09-612E8D23125E}"
EndProject
Project("{FAE04EC0-301F-11D3-BF4B-00C04F79EFBC}") = "Deckle.Modules", "src\Deckle.Modules\Deckle.Modules.csproj", "{8C92D121-9866-489C-AF9D-A9513B7936D4}"
EndProject
Project("{FAE04EC0-301F-11D3-BF4B-00C04F79EFBC}") = "Deckle.Diagnostics.Logging.Tests", "tests\Deckle.Diagnostics.Logging.Tests\Deckle.Diagnostics.Logging.Tests.csproj", "{DED2842F-C313-4295-9F59-DB82882F5C77}"
EndProject
Project("{FAE04EC0-301F-11D3-BF4B-00C04F79EFBC}") = "Deckle.Setup.Tests", "tests\Deckle.Setup.Tests\Deckle.Setup.Tests.csproj", "{8653A31D-6EDC-4553-A34E-2CC330EB97C8}"
EndProject
Project("{FAE04EC0-301F-11D3-BF4B-00C04F79EFBC}") = "Deckle.Setup", "src\Deckle.Setup\Deckle.Setup.csproj", "{7244914F-3495-4EC1-B814-47A7376544F8}"
EndProject
Project("{FAE04EC0-301F-11D3-BF4B-00C04F79EFBC}") = "Deckle.Install", "src\Deckle.Install\Deckle.Install.csproj", "{A681156B-52B9-4974-A093-B69E9E843AA0}"
EndProject
Project("{FAE04EC0-301F-11D3-BF4B-00C04F79EFBC}") = "Deckle.Install.Tests", "tests\Deckle.Install.Tests\Deckle.Install.Tests.csproj", "{2E098632-C86C-47FA-B524-72FCA07DD93B}"
EndProject
Project("{FAE04EC0-301F-11D3-BF4B-00C04F79EFBC}") = "Deckle.Home", "src\Deckle.Home\Deckle.Home.csproj", "{805F6488-E5D9-4AA8-A621-F2F2C25EC4D6}"
EndProject
Project("{FAE04EC0-301F-11D3-BF4B-00C04F79EFBC}") = "Deckle.Home.Tests", "tests\Deckle.Home.Tests\Deckle.Home.Tests.csproj", "{AD3D7A80-CE7B-4432-BC7C-629D0E76E79B}"
EndProject
Project("{FAE04EC0-301F-11D3-BF4B-00C04F79EFBC}") = "Deckle.Travel", "src\Deckle.Travel\Deckle.Travel.csproj", "{95240912-F3C5-4CE4-8628-79CC7830B08E}"
EndProject
Project("{FAE04EC0-301F-11D3-BF4B-00C04F79EFBC}") = "Deckle.Travel.Tests", "tests\Deckle.Travel.Tests\Deckle.Travel.Tests.csproj", "{D84CD534-EEF8-4F71-8FC4-030BABA2939D}"
EndProject
Project("{FAE04EC0-301F-11D3-BF4B-00C04F79EFBC}") = "Deckle.Input.PrecisionScroll", "src\Deckle.Input.PrecisionScroll\Deckle.Input.PrecisionScroll.csproj", "{AAC77DB1-1C4C-4FFE-AC7A-ED9D6C70DF1E}"
EndProject
Project("{FAE04EC0-301F-11D3-BF4B-00C04F79EFBC}") = "Deckle.Input.PrecisionScroll.Tests", "tests\Deckle.Input.PrecisionScroll.Tests\Deckle.Input.PrecisionScroll.Tests.csproj", "{61022A61-5CCD-4056-8174-E9710E5B869F}"
EndProject
Global
	GlobalSection(SolutionConfigurationPlatforms) = preSolution
		Debug|Any CPU = Debug|Any CPU
		Debug|x64 = Debug|x64
		Debug|x86 = Debug|x86
		Release|Any CPU = Release|Any CPU
		Release|x64 = Release|x64
		Release|x86 = Release|x86
	EndGlobalSection
	GlobalSection(ProjectConfigurationPlatforms) = postSolution
		{A5F1E9EB-D2D7-4E8C-89F2-A7CD7D08E310}.Debug|Any CPU.ActiveCfg = Debug|x64
		{A5F1E9EB-D2D7-4E8C-89F2-A7CD7D08E310}.Debug|Any CPU.Build.0 = Debug|x64
		{A5F1E9EB-D2D7-4E8C-89F2-A7CD7D08E310}.Debug|x64.ActiveCfg = Debug|x64
		{A5F1E9EB-D2D7-4E8C-89F2-A7CD7D08E310}.Debug|x64.Build.0 = Debug|x64
		{A5F1E9EB-D2D7-4E8C-89F2-A7CD7D08E310}.Debug|x86.ActiveCfg = Debug|x64
		{A5F1E9EB-D2D7-4E8C-89F2-A7CD7D08E310}.Debug|x86.Build.0 = Debug|x64
		{A5F1E9EB-D2D7-4E8C-89F2-A7CD7D08E310}.Release|Any CPU.ActiveCfg = Release|x64
		{A5F1E9EB-D2D7-4E8C-89F2-A7CD7D08E310}.Release|Any CPU.Build.0 = Release|x64
		{A5F1E9EB-D2D7-4E8C-89F2-A7CD7D08E310}.Release|x64.ActiveCfg = Release|x64
		{A5F1E9EB-D2D7-4E8C-89F2-A7CD7D08E310}.Release|x64.Build.0 = Release|x64
		{A5F1E9EB-D2D7-4E8C-89F2-A7CD7D08E310}.Release|x86.ActiveCfg = Release|x64
		{A5F1E9EB-D2D7-4E8C-89F2-A7CD7D08E310}.Release|x86.Build.0 = Release|x64
		{75D7BE6F-8904-4DC2-B635-AC4D278CC0D9}.Debug|Any CPU.ActiveCfg = Debug|x64
		{75D7BE6F-8904-4DC2-B635-AC4D278CC0D9}.Debug|Any CPU.Build.0 = Debug|x64
		{75D7BE6F-8904-4DC2-B635-AC4D278CC0D9}.Debug|x64.ActiveCfg = Debug|x64
		{75D7BE6F-8904-4DC2-B635-AC4D278CC0D9}.Debug|x64.Build.0 = Debug|x64
		{75D7BE6F-8904-4DC2-B635-AC4D278CC0D9}.Debug|x86.ActiveCfg = Debug|x64
		{75D7BE6F-8904-4DC2-B635-AC4D278CC0D9}.Debug|x86.Build.0 = Debug|x64
		{75D7BE6F-8904-4DC2-B635-AC4D278CC0D9}.Release|Any CPU.ActiveCfg = Release|x64
		{75D7BE6F-8904-4DC2-B635-AC4D278CC0D9}.Release|Any CPU.Build.0 = Release|x64
		{75D7BE6F-8904-4DC2-B635-AC4D278CC0D9}.Release|x64.ActiveCfg = Release|x64
		{75D7BE6F-8904-4DC2-B635-AC4D278CC0D9}.Release|x64.Build.0 = Release|x64
		{75D7BE6F-8904-4DC2-B635-AC4D278CC0D9}.Release|x86.ActiveCfg = Release|x64
		{75D7BE6F-8904-4DC2-B635-AC4D278CC0D9}.Release|x86.Build.0 = Release|x64
		{0BEC5089-0135-40E4-AC58-3D609FEB6A01}.Debug|Any CPU.ActiveCfg = Debug|x64
		{0BEC5089-0135-40E4-AC58-3D609FEB6A01}.Debug|Any CPU.Build.0 = Debug|x64
		{0BEC5089-0135-40E4-AC58-3D609FEB6A01}.Debug|x64.ActiveCfg = Debug|x64
		{0BEC5089-0135-40E4-AC58-3D609FEB6A01}.Debug|x64.Build.0 = Debug|x64
		{0BEC5089-0135-40E4-AC58-3D609FEB6A01}.Debug|x86.ActiveCfg = Debug|x64
		{0BEC5089-0135-40E4-AC58-3D609FEB6A01}.Debug|x86.Build.0 = Debug|x64
		{0BEC5089-0135-40E4-AC58-3D609FEB6A01}.Release|Any CPU.ActiveCfg = Release|x64
		{0BEC5089-0135-40E4-AC58-3D609FEB6A01}.Release|Any CPU.Build.0 = Release|x64
		{0BEC5089-0135-40E4-AC58-3D609FEB6A01}.Release|x64.ActiveCfg = Release|x64
		{0BEC5089-0135-40E4-AC58-3D609FEB6A01}.Release|x64.Build.0 = Release|x64
		{0BEC5089-0135-40E4-AC58-3D609FEB6A01}.Release|x86.ActiveCfg = Release|x64
		{0BEC5089-0135-40E4-AC58-3D609FEB6A01}.Release|x86.Build.0 = Release|x64
		{C5ED320B-27BC-4AD5-8BC5-F6D402835ECF}.Debug|Any CPU.ActiveCfg = Debug|x64
		{C5ED320B-27BC-4AD5-8BC5-F6D402835ECF}.Debug|Any CPU.Build.0 = Debug|x64
		{C5ED320B-27BC-4AD5-8BC5-F6D402835ECF}.Debug|x64.ActiveCfg = Debug|x64
		{C5ED320B-27BC-4AD5-8BC5-F6D402835ECF}.Debug|x64.Build.0 = Debug|x64
		{C5ED320B-27BC-4AD5-8BC5-F6D402835ECF}.Debug|x86.ActiveCfg = Debug|x64
		{C5ED320B-27BC-4AD5-8BC5-F6D402835ECF}.Debug|x86.Build.0 = Debug|x64
		{C5ED320B-27BC-4AD5-8BC5-F6D402835ECF}.Release|Any CPU.ActiveCfg = Release|x64
		{C5ED320B-27BC-4AD5-8BC5-F6D402835ECF}.Release|Any CPU.Build.0 = Release|x64
		{C5ED320B-27BC-4AD5-8BC5-F6D402835ECF}.Release|x64.ActiveCfg = Release|x64
		{C5ED320B-27BC-4AD5-8BC5-F6D402835ECF}.Release|x64.Build.0 = Release|x64
		{C5ED320B-27BC-4AD5-8BC5-F6D402835ECF}.Release|x86.ActiveCfg = Release|x64
		{C5ED320B-27BC-4AD5-8BC5-F6D402835ECF}.Release|x86.Build.0 = Release|x64
		{01F45EEB-DA36-45E0-852D-4A9126B9A8E4}.Debug|Any CPU.ActiveCfg = Debug|x64
		{01F45EEB-DA36-45E0-852D-4A9126B9A8E4}.Debug|Any CPU.Build.0 = Debug|x64
		{01F45EEB-DA36-45E0-852D-4A9126B9A8E4}.Debug|x64.ActiveCfg = Debug|x64
		{01F45EEB-DA36-45E0-852D-4A9126B9A8E4}.Debug|x64.Build.0 = Debug|x64
		{01F45EEB-DA36-45E0-852D-4A9126B9A8E4}.Debug|x86.ActiveCfg = Debug|x64
		{01F45EEB-DA36-45E0-852D-4A9126B9A8E4}.Debug|x86.Build.0 = Debug|x64
		{01F45EEB-DA36-45E0-852D-4A9126B9A8E4}.Release|Any CPU.ActiveCfg = Release|x64
		{01F45EEB-DA36-45E0-852D-4A9126B9A8E4}.Release|Any CPU.Build.0 = Release|x64
		{01F45EEB-DA36-45E0-852D-4A9126B9A8E4}.Release|x64.ActiveCfg = Release|x64
		{01F45EEB-DA36-45E0-852D-4A9126B9A8E4}.Release|x64.Build.0 = Release|x64
		{01F45EEB-DA36-45E0-852D-4A9126B9A8E4}.Release|x86.ActiveCfg = Release|x64
		{01F45EEB-DA36-45E0-852D-4A9126B9A8E4}.Release|x86.Build.0 = Release|x64
		{E6072259-9878-4017-ACBE-95016A3BD169}.Debug|Any CPU.ActiveCfg = Debug|x64
		{E6072259-9878-4017-ACBE-95016A3BD169}.Debug|Any CPU.Build.0 = Debug|x64
		{E6072259-9878-4017-ACBE-95016A3BD169}.Debug|x64.ActiveCfg = Debug|x64
		{E6072259-9878-4017-ACBE-95016A3BD169}.Debug|x64.Build.0 = Debug|x64
		{E6072259-9878-4017-ACBE-95016A3BD169}.Debug|x86.ActiveCfg = Debug|x64
		{E6072259-9878-4017-ACBE-95016A3BD169}.Debug|x86.Build.0 = Debug|x64
		{E6072259-9878-4017-ACBE-95016A3BD169}.Release|Any CPU.ActiveCfg = Release|x64
		{E6072259-9878-4017-ACBE-95016A3BD169}.Release|Any CPU.Build.0 = Release|x64
		{E6072259-9878-4017-ACBE-95016A3BD169}.Release|x64.ActiveCfg = Release|x64
		{E6072259-9878-4017-ACBE-95016A3BD169}.Release|x64.Build.0 = Release|x64
		{E6072259-9878-4017-ACBE-95016A3BD169}.Release|x86.ActiveCfg = Release|x64
		{E6072259-9878-4017-ACBE-95016A3BD169}.Release|x86.Build.0 = Release|x64
		{867C3CEC-6C12-428E-A5D5-C34497885600}.Debug|Any CPU.ActiveCfg = Debug|x64
		{867C3CEC-6C12-428E-A5D5-C34497885600}.Debug|Any CPU.Build.0 = Debug|x64
		{867C3CEC-6C12-428E-A5D5-C34497885600}.Debug|x64.ActiveCfg = Debug|x64
		{867C3CEC-6C12-428E-A5D5-C34497885600}.Debug|x64.Build.0 = Debug|x64
		{867C3CEC-6C12-428E-A5D5-C34497885600}.Debug|x86.ActiveCfg = Debug|x64
		{867C3CEC-6C12-428E-A5D5-C34497885600}.Debug|x86.Build.0 = Debug|x64
		{867C3CEC-6C12-428E-A5D5-C34497885600}.Release|Any CPU.ActiveCfg = Release|x64
		{867C3CEC-6C12-428E-A5D5-C34497885600}.Release|Any CPU.Build.0 = Release|x64
		{867C3CEC-6C12-428E-A5D5-C34497885600}.Release|x64.ActiveCfg = Release|x64
		{867C3CEC-6C12-428E-A5D5-C34497885600}.Release|x64.Build.0 = Release|x64
		{867C3CEC-6C12-428E-A5D5-C34497885600}.Release|x86.ActiveCfg = Release|x64
		{867C3CEC-6C12-428E-A5D5-C34497885600}.Release|x86.Build.0 = Release|x64
		{34DD5516-9E8D-4610-B993-C346BB705D74}.Debug|Any CPU.ActiveCfg = Debug|x64
		{34DD5516-9E8D-4610-B993-C346BB705D74}.Debug|Any CPU.Build.0 = Debug|x64
		{34DD5516-9E8D-4610-B993-C346BB705D74}.Debug|x64.ActiveCfg = Debug|x64
		{34DD5516-9E8D-4610-B993-C346BB705D74}.Debug|x64.Build.0 = Debug|x64
		{34DD5516-9E8D-4610-B993-C346BB705D74}.Debug|x86.ActiveCfg = Debug|x64
		{34DD5516-9E8D-4610-B993-C346BB705D74}.Debug|x86.Build.0 = Debug|x64
		{34DD5516-9E8D-4610-B993-C346BB705D74}.Release|Any CPU.ActiveCfg = Release|x64
		{34DD5516-9E8D-4610-B993-C346BB705D74}.Release|Any CPU.Build.0 = Release|x64
		{34DD5516-9E8D-4610-B993-C346BB705D74}.Release|x64.ActiveCfg = Release|x64
		{34DD5516-9E8D-4610-B993-C346BB705D74}.Release|x64.Build.0 = Release|x64
		{34DD5516-9E8D-4610-B993-C346BB705D74}.Release|x86.ActiveCfg = Release|x64
		{34DD5516-9E8D-4610-B993-C346BB705D74}.Release|x86.Build.0 = Release|x64
		{D28D25C4-EEB8-467F-922A-2DED4B826741}.Debug|Any CPU.ActiveCfg = Debug|x64
		{D28D25C4-EEB8-467F-922A-2DED4B826741}.Debug|Any CPU.Build.0 = Debug|x64
		{D28D25C4-EEB8-467F-922A-2DED4B826741}.Debug|x64.ActiveCfg = Debug|x64
		{D28D25C4-EEB8-467F-922A-2DED4B826741}.Debug|x64.Build.0 = Debug|x64
		{D28D25C4-EEB8-467F-922A-2DED4B826741}.Debug|x86.ActiveCfg = Debug|x64
		{D28D25C4-EEB8-467F-922A-2DED4B826741}.Debug|x86.Build.0 = Debug|x64
		{D28D25C4-EEB8-467F-922A-2DED4B826741}.Release|Any CPU.ActiveCfg = Release|x64
		{D28D25C4-EEB8-467F-922A-2DED4B826741}.Release|Any CPU.Build.0 = Release|x64
		{D28D25C4-EEB8-467F-922A-2DED4B826741}.Release|x64.ActiveCfg = Release|x64
		{D28D25C4-EEB8-467F-922A-2DED4B826741}.Release|x64.Build.0 = Release|x64
		{D28D25C4-EEB8-467F-922A-2DED4B826741}.Release|x86.ActiveCfg = Release|x64
		{D28D25C4-EEB8-467F-922A-2DED4B826741}.Release|x86.Build.0 = Release|x64
		{92E60636-F982-4A3D-BE01-3DDC7C46BAF5}.Debug|Any CPU.ActiveCfg = Debug|x64
		{92E60636-F982-4A3D-BE01-3DDC7C46BAF5}.Debug|Any CPU.Build.0 = Debug|x64
		{92E60636-F982-4A3D-BE01-3DDC7C46BAF5}.Debug|x64.ActiveCfg = Debug|x64
		{92E60636-F982-4A3D-BE01-3DDC7C46BAF5}.Debug|x64.Build.0 = Debug|x64
		{92E60636-F982-4A3D-BE01-3DDC7C46BAF5}.Debug|x86.ActiveCfg = Debug|x64
		{92E60636-F982-4A3D-BE01-3DDC7C46BAF5}.Debug|x86.Build.0 = Debug|x64
		{92E60636-F982-4A3D-BE01-3DDC7C46BAF5}.Release|Any CPU.ActiveCfg = Release|x64
		{92E60636-F982-4A3D-BE01-3DDC7C46BAF5}.Release|Any CPU.Build.0 = Release|x64
		{92E60636-F982-4A3D-BE01-3DDC7C46BAF5}.Release|x64.ActiveCfg = Release|x64
		{92E60636-F982-4A3D-BE01-3DDC7C46BAF5}.Release|x64.Build.0 = Release|x64
		{92E60636-F982-4A3D-BE01-3DDC7C46BAF5}.Release|x86.ActiveCfg = Release|x64
		{92E60636-F982-4A3D-BE01-3DDC7C46BAF5}.Release|x86.Build.0 = Release|x64
		{51949870-76E9-49A8-80FD-35521867BF09}.Debug|Any CPU.ActiveCfg = Debug|x64
		{51949870-76E9-49A8-80FD-35521867BF09}.Debug|Any CPU.Build.0 = Debug|x64
		{51949870-76E9-49A8-80FD-35521867BF09}.Debug|x64.ActiveCfg = Debug|x64
		{51949870-76E9-49A8-80FD-35521867BF09}.Debug|x64.Build.0 = Debug|x64
		{51949870-76E9-49A8-80FD-35521867BF09}.Debug|x86.ActiveCfg = Debug|x64
		{51949870-76E9-49A8-80FD-35521867BF09}.Debug|x86.Build.0 = Debug|x64
		{51949870-76E9-49A8-80FD-35521867BF09}.Release|Any CPU.ActiveCfg = Release|x64
		{51949870-76E9-49A8-80FD-35521867BF09}.Release|Any CPU.Build.0 = Release|x64
		{51949870-76E9-49A8-80FD-35521867BF09}.Release|x64.ActiveCfg = Release|x64
		{51949870-76E9-49A8-80FD-35521867BF09}.Release|x64.Build.0 = Release|x64
		{51949870-76E9-49A8-80FD-35521867BF09}.Release|x86.ActiveCfg = Release|x64
		{51949870-76E9-49A8-80FD-35521867BF09}.Release|x86.Build.0 = Release|x64
		{FD845B15-A53F-445D-BE5A-020B522C3716}.Debug|Any CPU.ActiveCfg = Debug|x64
		{FD845B15-A53F-445D-BE5A-020B522C3716}.Debug|Any CPU.Build.0 = Debug|x64
		{FD845B15-A53F-445D-BE5A-020B522C3716}.Debug|x64.ActiveCfg = Debug|x64
		{FD845B15-A53F-445D-BE5A-020B522C3716}.Debug|x64.Build.0 = Debug|x64
		{FD845B15-A53F-445D-BE5A-020B522C3716}.Debug|x86.ActiveCfg = Debug|x64
		{FD845B15-A53F-445D-BE5A-020B522C3716}.Debug|x86.Build.0 = Debug|x64
		{FD845B15-A53F-445D-BE5A-020B522C3716}.Release|Any CPU.ActiveCfg = Release|x64
		{FD845B15-A53F-445D-BE5A-020B522C3716}.Release|Any CPU.Build.0 = Release|x64
		{FD845B15-A53F-445D-BE5A-020B522C3716}.Release|x64.ActiveCfg = Release|x64
		{FD845B15-A53F-445D-BE5A-020B522C3716}.Release|x64.Build.0 = Release|x64
		{FD845B15-A53F-445D-BE5A-020B522C3716}.Release|x86.ActiveCfg = Release|x64
		{FD845B15-A53F-445D-BE5A-020B522C3716}.Release|x86.Build.0 = Release|x64
		{BE74BB3D-8C82-4C38-BFC5-14F1F41C95AB}.Debug|Any CPU.ActiveCfg = Debug|x64
		{BE74BB3D-8C82-4C38-BFC5-14F1F41C95AB}.Debug|Any CPU.Build.0 = Debug|x64
		{BE74BB3D-8C82-4C38-BFC5-14F1F41C95AB}.Debug|x64.ActiveCfg = Debug|x64
		{BE74BB3D-8C82-4C38-BFC5-14F1F41C95AB}.Debug|x64.Build.0 = Debug|x64
		{BE74BB3D-8C82-4C38-BFC5-14F1F41C95AB}.Debug|x86.ActiveCfg = Debug|x64
		{BE74BB3D-8C82-4C38-BFC5-14F1F41C95AB}.Debug|x86.Build.0 = Debug|x64
		{BE74BB3D-8C82-4C38-BFC5-14F1F41C95AB}.Release|Any CPU.ActiveCfg = Release|x64
		{BE74BB3D-8C82-4C38-BFC5-14F1F41C95AB}.Release|Any CPU.Build.0 = Release|x64
		{BE74BB3D-8C82-4C38-BFC5-14F1F41C95AB}.Release|x64.ActiveCfg = Release|x64
		{BE74BB3D-8C82-4C38-BFC5-14F1F41C95AB}.Release|x64.Build.0 = Release|x64
		{BE74BB3D-8C82-4C38-BFC5-14F1F41C95AB}.Release|x86.ActiveCfg = Release|x64
		{BE74BB3D-8C82-4C38-BFC5-14F1F41C95AB}.Release|x86.Build.0 = Release|x64
		{B22AC6D5-00BC-4761-9931-8D7BDC65747C}.Debug|Any CPU.ActiveCfg = Debug|x64
		{B22AC6D5-00BC-4761-9931-8D7BDC65747C}.Debug|Any CPU.Build.0 = Debug|x64
		{B22AC6D5-00BC-4761-9931-8D7BDC65747C}.Debug|x64.ActiveCfg = Debug|x64
		{B22AC6D5-00BC-4761-9931-8D7BDC65747C}.Debug|x64.Build.0 = Debug|x64
		{B22AC6D5-00BC-4761-9931-8D7BDC65747C}.Debug|x86.ActiveCfg = Debug|x64
		{B22AC6D5-00BC-4761-9931-8D7BDC65747C}.Debug|x86.Build.0 = Debug|x64
		{B22AC6D5-00BC-4761-9931-8D7BDC65747C}.Release|Any CPU.ActiveCfg = Release|x64
		{B22AC6D5-00BC-4761-9931-8D7BDC65747C}.Release|Any CPU.Build.0 = Release|x64
		{B22AC6D5-00BC-4761-9931-8D7BDC65747C}.Release|x64.ActiveCfg = Release|x64
		{B22AC6D5-00BC-4761-9931-8D7BDC65747C}.Release|x64.Build.0 = Release|x64
		{B22AC6D5-00BC-4761-9931-8D7BDC65747C}.Release|x86.ActiveCfg = Release|x64
		{B22AC6D5-00BC-4761-9931-8D7BDC65747C}.Release|x86.Build.0 = Release|x64
		{5A912C4C-2A64-4B44-99D7-A8C6DABA1AB3}.Debug|Any CPU.ActiveCfg = Debug|x64
		{5A912C4C-2A64-4B44-99D7-A8C6DABA1AB3}.Debug|Any CPU.Build.0 = Debug|x64
		{5A912C4C-2A64-4B44-99D7-A8C6DABA1AB3}.Debug|x64.ActiveCfg = Debug|x64
		{5A912C4C-2A64-4B44-99D7-A8C6DABA1AB3}.Debug|x64.Build.0 = Debug|x64
		{5A912C4C-2A64-4B44-99D7-A8C6DABA1AB3}.Debug|x86.ActiveCfg = Debug|x64
		{5A912C4C-2A64-4B44-99D7-A8C6DABA1AB3}.Debug|x86.Build.0 = Debug|x64
		{5A912C4C-2A64-4B44-99D7-A8C6DABA1AB3}.Release|Any CPU.ActiveCfg = Release|x64
		{5A912C4C-2A64-4B44-99D7-A8C6DABA1AB3}.Release|Any CPU.Build.0 = Release|x64
		{5A912C4C-2A64-4B44-99D7-A8C6DABA1AB3}.Release|x64.ActiveCfg = Release|x64
		{5A912C4C-2A64-4B44-99D7-A8C6DABA1AB3}.Release|x64.Build.0 = Release|x64
		{5A912C4C-2A64-4B44-99D7-A8C6DABA1AB3}.Release|x86.ActiveCfg = Release|x64
		{5A912C4C-2A64-4B44-99D7-A8C6DABA1AB3}.Release|x86.Build.0 = Release|x64
		{9B73D741-80D2-45FC-B4A4-41F5C664A52C}.Debug|Any CPU.ActiveCfg = Debug|x64
		{9B73D741-80D2-45FC-B4A4-41F5C664A52C}.Debug|Any CPU.Build.0 = Debug|x64
		{9B73D741-80D2-45FC-B4A4-41F5C664A52C}.Debug|x64.ActiveCfg = Debug|x64
		{9B73D741-80D2-45FC-B4A4-41F5C664A52C}.Debug|x64.Build.0 = Debug|x64
		{9B73D741-80D2-45FC-B4A4-41F5C664A52C}.Debug|x86.ActiveCfg = Debug|x64
		{9B73D741-80D2-45FC-B4A4-41F5C664A52C}.Debug|x86.Build.0 = Debug|x64
		{9B73D741-80D2-45FC-B4A4-41F5C664A52C}.Release|Any CPU.ActiveCfg = Release|x64
		{9B73D741-80D2-45FC-B4A4-41F5C664A52C}.Release|Any CPU.Build.0 = Release|x64
		{9B73D741-80D2-45FC-B4A4-41F5C664A52C}.Release|x64.ActiveCfg = Release|x64
		{9B73D741-80D2-45FC-B4A4-41F5C664A52C}.Release|x64.Build.0 = Release|x64
		{9B73D741-80D2-45FC-B4A4-41F5C664A52C}.Release|x86.ActiveCfg = Release|x64
		{9B73D741-80D2-45FC-B4A4-41F5C664A52C}.Release|x86.Build.0 = Release|x64
		{80A08933-481C-4D2E-88D3-528FCC5726CA}.Debug|Any CPU.ActiveCfg = Debug|x64
		{80A08933-481C-4D2E-88D3-528FCC5726CA}.Debug|Any CPU.Build.0 = Debug|x64
		{80A08933-481C-4D2E-88D3-528FCC5726CA}.Debug|x64.ActiveCfg = Debug|x64
		{80A08933-481C-4D2E-88D3-528FCC5726CA}.Debug|x64.Build.0 = Debug|x64
		{80A08933-481C-4D2E-88D3-528FCC5726CA}.Debug|x86.ActiveCfg = Debug|x64
		{80A08933-481C-4D2E-88D3-528FCC5726CA}.Debug|x86.Build.0 = Debug|x64
		{80A08933-481C-4D2E-88D3-528FCC5726CA}.Release|Any CPU.ActiveCfg = Release|x64
		{80A08933-481C-4D2E-88D3-528FCC5726CA}.Release|Any CPU.Build.0 = Release|x64
		{80A08933-481C-4D2E-88D3-528FCC5726CA}.Release|x64.ActiveCfg = Release|x64
		{80A08933-481C-4D2E-88D3-528FCC5726CA}.Release|x64.Build.0 = Release|x64
		{80A08933-481C-4D2E-88D3-528FCC5726CA}.Release|x86.ActiveCfg = Release|x64
		{80A08933-481C-4D2E-88D3-528FCC5726CA}.Release|x86.Build.0 = Release|x64
		{603CB380-5493-4005-9C02-B8A5DA41D02F}.Debug|Any CPU.ActiveCfg = Debug|x64
		{603CB380-5493-4005-9C02-B8A5DA41D02F}.Debug|Any CPU.Build.0 = Debug|x64
		{603CB380-5493-4005-9C02-B8A5DA41D02F}.Debug|x64.ActiveCfg = Debug|x64
		{603CB380-5493-4005-9C02-B8A5DA41D02F}.Debug|x64.Build.0 = Debug|x64
		{603CB380-5493-4005-9C02-B8A5DA41D02F}.Debug|x86.ActiveCfg = Debug|x64
		{603CB380-5493-4005-9C02-B8A5DA41D02F}.Debug|x86.Build.0 = Debug|x64
		{603CB380-5493-4005-9C02-B8A5DA41D02F}.Release|Any CPU.ActiveCfg = Release|x64
		{603CB380-5493-4005-9C02-B8A5DA41D02F}.Release|Any CPU.Build.0 = Release|x64
		{603CB380-5493-4005-9C02-B8A5DA41D02F}.Release|x64.ActiveCfg = Release|x64
		{603CB380-5493-4005-9C02-B8A5DA41D02F}.Release|x64.Build.0 = Release|x64
		{603CB380-5493-4005-9C02-B8A5DA41D02F}.Release|x86.ActiveCfg = Release|x64
		{603CB380-5493-4005-9C02-B8A5DA41D02F}.Release|x86.Build.0 = Release|x64
		{B8A98FA7-404D-41B3-BFF4-DCBEF9EC3496}.Debug|Any CPU.ActiveCfg = Debug|x64
		{B8A98FA7-404D-41B3-BFF4-DCBEF9EC3496}.Debug|Any CPU.Build.0 = Debug|x64
		{B8A98FA7-404D-41B3-BFF4-DCBEF9EC3496}.Debug|x64.ActiveCfg = Debug|x64
		{B8A98FA7-404D-41B3-BFF4-DCBEF9EC3496}.Debug|x64.Build.0 = Debug|x64
		{B8A98FA7-404D-41B3-BFF4-DCBEF9EC3496}.Debug|x86.ActiveCfg = Debug|x64
		{B8A98FA7-404D-41B3-BFF4-DCBEF9EC3496}.Debug|x86.Build.0 = Debug|x64
		{B8A98FA7-404D-41B3-BFF4-DCBEF9EC3496}.Release|Any CPU.ActiveCfg = Release|x64
		{B8A98FA7-404D-41B3-BFF4-DCBEF9EC3496}.Release|Any CPU.Build.0 = Release|x64
		{B8A98FA7-404D-41B3-BFF4-DCBEF9EC3496}.Release|x64.ActiveCfg = Release|x64
		{B8A98FA7-404D-41B3-BFF4-DCBEF9EC3496}.Release|x64.Build.0 = Release|x64
		{B8A98FA7-404D-41B3-BFF4-DCBEF9EC3496}.Release|x86.ActiveCfg = Release|x64
		{B8A98FA7-404D-41B3-BFF4-DCBEF9EC3496}.Release|x86.Build.0 = Release|x64
		{661FCF5C-CBC5-44C9-9077-0706A759D34A}.Debug|Any CPU.ActiveCfg = Debug|x64
		{661FCF5C-CBC5-44C9-9077-0706A759D34A}.Debug|Any CPU.Build.0 = Debug|x64
		{661FCF5C-CBC5-44C9-9077-0706A759D34A}.Debug|x64.ActiveCfg = Debug|x64
		{661FCF5C-CBC5-44C9-9077-0706A759D34A}.Debug|x64.Build.0 = Debug|x64
		{661FCF5C-CBC5-44C9-9077-0706A759D34A}.Debug|x86.ActiveCfg = Debug|x64
		{661FCF5C-CBC5-44C9-9077-0706A759D34A}.Debug|x86.Build.0 = Debug|x64
		{661FCF5C-CBC5-44C9-9077-0706A759D34A}.Release|Any CPU.ActiveCfg = Release|x64
		{661FCF5C-CBC5-44C9-9077-0706A759D34A}.Release|Any CPU.Build.0 = Release|x64
		{661FCF5C-CBC5-44C9-9077-0706A759D34A}.Release|x64.ActiveCfg = Release|x64
		{661FCF5C-CBC5-44C9-9077-0706A759D34A}.Release|x64.Build.0 = Release|x64
		{661FCF5C-CBC5-44C9-9077-0706A759D34A}.Release|x86.ActiveCfg = Release|x64
		{661FCF5C-CBC5-44C9-9077-0706A759D34A}.Release|x86.Build.0 = Release|x64
		{8E1DA631-8970-4406-9AB1-8F1CAF108650}.Debug|Any CPU.ActiveCfg = Debug|x64
		{8E1DA631-8970-4406-9AB1-8F1CAF108650}.Debug|Any CPU.Build.0 = Debug|x64
		{8E1DA631-8970-4406-9AB1-8F1CAF108650}.Debug|x64.ActiveCfg = Debug|x64
		{8E1DA631-8970-4406-9AB1-8F1CAF108650}.Debug|x64.Build.0 = Debug|x64
		{8E1DA631-8970-4406-9AB1-8F1CAF108650}.Debug|x86.ActiveCfg = Debug|x64
		{8E1DA631-8970-4406-9AB1-8F1CAF108650}.Debug|x86.Build.0 = Debug|x64
		{8E1DA631-8970-4406-9AB1-8F1CAF108650}.Release|Any CPU.ActiveCfg = Release|x64
		{8E1DA631-8970-4406-9AB1-8F1CAF108650}.Release|Any CPU.Build.0 = Release|x64
		{8E1DA631-8970-4406-9AB1-8F1CAF108650}.Release|x64.ActiveCfg = Release|x64
		{8E1DA631-8970-4406-9AB1-8F1CAF108650}.Release|x64.Build.0 = Release|x64
		{8E1DA631-8970-4406-9AB1-8F1CAF108650}.Release|x86.ActiveCfg = Release|x64
		{8E1DA631-8970-4406-9AB1-8F1CAF108650}.Release|x86.Build.0 = Release|x64
		{0A01E420-7384-4001-AEDC-E19C1C721FD9}.Debug|Any CPU.ActiveCfg = Debug|x64
		{0A01E420-7384-4001-AEDC-E19C1C721FD9}.Debug|Any CPU.Build.0 = Debug|x64
		{0A01E420-7384-4001-AEDC-E19C1C721FD9}.Debug|x64.ActiveCfg = Debug|x64
		{0A01E420-7384-4001-AEDC-E19C1C721FD9}.Debug|x64.Build.0 = Debug|x64
		{0A01E420-7384-4001-AEDC-E19C1C721FD9}.Debug|x86.ActiveCfg = Debug|x64
		{0A01E420-7384-4001-AEDC-E19C1C721FD9}.Debug|x86.Build.0 = Debug|x64
		{0A01E420-7384-4001-AEDC-E19C1C721FD9}.Release|Any CPU.ActiveCfg = Release|x64
		{0A01E420-7384-4001-AEDC-E19C1C721FD9}.Release|Any CPU.Build.0 = Release|x64
		{0A01E420-7384-4001-AEDC-E19C1C721FD9}.Release|x64.ActiveCfg = Release|x64
		{0A01E420-7384-4001-AEDC-E19C1C721FD9}.Release|x64.Build.0 = Release|x64
		{0A01E420-7384-4001-AEDC-E19C1C721FD9}.Release|x86.ActiveCfg = Release|x64
		{0A01E420-7384-4001-AEDC-E19C1C721FD9}.Release|x86.Build.0 = Release|x64
		{9C5C46D2-B61F-426D-858D-77D589111A33}.Debug|Any CPU.ActiveCfg = Debug|x64
		{9C5C46D2-B61F-426D-858D-77D589111A33}.Debug|Any CPU.Build.0 = Debug|x64
		{9C5C46D2-B61F-426D-858D-77D589111A33}.Debug|x64.ActiveCfg = Debug|x64
		{9C5C46D2-B61F-426D-858D-77D589111A33}.Debug|x64.Build.0 = Debug|x64
		{9C5C46D2-B61F-426D-858D-77D589111A33}.Debug|x86.ActiveCfg = Debug|x64
		{9C5C46D2-B61F-426D-858D-77D589111A33}.Debug|x86.Build.0 = Debug|x64
		{9C5C46D2-B61F-426D-858D-77D589111A33}.Release|Any CPU.ActiveCfg = Release|x64
		{9C5C46D2-B61F-426D-858D-77D589111A33}.Release|Any CPU.Build.0 = Release|x64
		{9C5C46D2-B61F-426D-858D-77D589111A33}.Release|x64.ActiveCfg = Release|x64
		{9C5C46D2-B61F-426D-858D-77D589111A33}.Release|x64.Build.0 = Release|x64
		{9C5C46D2-B61F-426D-858D-77D589111A33}.Release|x86.ActiveCfg = Release|x64
		{9C5C46D2-B61F-426D-858D-77D589111A33}.Release|x86.Build.0 = Release|x64
		{151737B1-CE6A-43A1-A0F2-F484455E7DE9}.Debug|Any CPU.ActiveCfg = Debug|x64
		{151737B1-CE6A-43A1-A0F2-F484455E7DE9}.Debug|Any CPU.Build.0 = Debug|x64
		{151737B1-CE6A-43A1-A0F2-F484455E7DE9}.Debug|x64.ActiveCfg = Debug|x64
		{151737B1-CE6A-43A1-A0F2-F484455E7DE9}.Debug|x64.Build.0 = Debug|x64
		{151737B1-CE6A-43A1-A0F2-F484455E7DE9}.Debug|x86.ActiveCfg = Debug|x64
		{151737B1-CE6A-43A1-A0F2-F484455E7DE9}.Debug|x86.Build.0 = Debug|x64
		{151737B1-CE6A-43A1-A0F2-F484455E7DE9}.Release|Any CPU.ActiveCfg = Release|x64
		{151737B1-CE6A-43A1-A0F2-F484455E7DE9}.Release|Any CPU.Build.0 = Release|x64
		{151737B1-CE6A-43A1-A0F2-F484455E7DE9}.Release|x64.ActiveCfg = Release|x64
		{151737B1-CE6A-43A1-A0F2-F484455E7DE9}.Release|x64.Build.0 = Release|x64
		{151737B1-CE6A-43A1-A0F2-F484455E7DE9}.Release|x86.ActiveCfg = Release|x64
		{151737B1-CE6A-43A1-A0F2-F484455E7DE9}.Release|x86.Build.0 = Release|x64
		{578CE829-8828-4CDF-9730-A1B08CE12692}.Debug|Any CPU.ActiveCfg = Debug|x64
		{578CE829-8828-4CDF-9730-A1B08CE12692}.Debug|Any CPU.Build.0 = Debug|x64
		{578CE829-8828-4CDF-9730-A1B08CE12692}.Debug|x64.ActiveCfg = Debug|x64
		{578CE829-8828-4CDF-9730-A1B08CE12692}.Debug|x64.Build.0 = Debug|x64
		{578CE829-8828-4CDF-9730-A1B08CE12692}.Debug|x86.ActiveCfg = Debug|x64
		{578CE829-8828-4CDF-9730-A1B08CE12692}.Debug|x86.Build.0 = Debug|x64
		{578CE829-8828-4CDF-9730-A1B08CE12692}.Release|Any CPU.ActiveCfg = Release|x64
		{578CE829-8828-4CDF-9730-A1B08CE12692}.Release|Any CPU.Build.0 = Release|x64
		{578CE829-8828-4CDF-9730-A1B08CE12692}.Release|x64.ActiveCfg = Release|x64
		{578CE829-8828-4CDF-9730-A1B08CE12692}.Release|x64.Build.0 = Release|x64
		{578CE829-8828-4CDF-9730-A1B08CE12692}.Release|x86.ActiveCfg = Release|x64
		{578CE829-8828-4CDF-9730-A1B08CE12692}.Release|x86.Build.0 = Release|x64
		{D50AC477-584E-41F1-B8AB-B10C373E3341}.Debug|Any CPU.ActiveCfg = Debug|x64
		{D50AC477-584E-41F1-B8AB-B10C373E3341}.Debug|Any CPU.Build.0 = Debug|x64
		{D50AC477-584E-41F1-B8AB-B10C373E3341}.Debug|x64.ActiveCfg = Debug|x64
		{D50AC477-584E-41F1-B8AB-B10C373E3341}.Debug|x64.Build.0 = Debug|x64
		{D50AC477-584E-41F1-B8AB-B10C373E3341}.Debug|x86.ActiveCfg = Debug|x64
		{D50AC477-584E-41F1-B8AB-B10C373E3341}.Debug|x86.Build.0 = Debug|x64
		{D50AC477-584E-41F1-B8AB-B10C373E3341}.Release|Any CPU.ActiveCfg = Release|x64
		{D50AC477-584E-41F1-B8AB-B10C373E3341}.Release|Any CPU.Build.0 = Release|x64
		{D50AC477-584E-41F1-B8AB-B10C373E3341}.Release|x64.ActiveCfg = Release|x64
		{D50AC477-584E-41F1-B8AB-B10C373E3341}.Release|x64.Build.0 = Release|x64
		{D50AC477-584E-41F1-B8AB-B10C373E3341}.Release|x86.ActiveCfg = Release|x64
		{D50AC477-584E-41F1-B8AB-B10C373E3341}.Release|x86.Build.0 = Release|x64
		{120D8EBA-FF5A-4658-BA62-62CFCBB9106D}.Debug|Any CPU.ActiveCfg = Debug|x64
		{120D8EBA-FF5A-4658-BA62-62CFCBB9106D}.Debug|Any CPU.Build.0 = Debug|x64
		{120D8EBA-FF5A-4658-BA62-62CFCBB9106D}.Debug|x64.ActiveCfg = Debug|x64
		{120D8EBA-FF5A-4658-BA62-62CFCBB9106D}.Debug|x64.Build.0 = Debug|x64
		{120D8EBA-FF5A-4658-BA62-62CFCBB9106D}.Debug|x86.ActiveCfg = Debug|x64
		{120D8EBA-FF5A-4658-BA62-62CFCBB9106D}.Debug|x86.Build.0 = Debug|x64
		{120D8EBA-FF5A-4658-BA62-62CFCBB9106D}.Release|Any CPU.ActiveCfg = Release|x64
		{120D8EBA-FF5A-4658-BA62-62CFCBB9106D}.Release|Any CPU.Build.0 = Release|x64
		{120D8EBA-FF5A-4658-BA62-62CFCBB9106D}.Release|x64.ActiveCfg = Release|x64
		{120D8EBA-FF5A-4658-BA62-62CFCBB9106D}.Release|x64.Build.0 = Release|x64
		{120D8EBA-FF5A-4658-BA62-62CFCBB9106D}.Release|x86.ActiveCfg = Release|x64
		{120D8EBA-FF5A-4658-BA62-62CFCBB9106D}.Release|x86.Build.0 = Release|x64
		{D7472EE6-C6AE-4A15-B983-F68075C3F382}.Debug|Any CPU.ActiveCfg = Debug|x64
		{D7472EE6-C6AE-4A15-B983-F68075C3F382}.Debug|Any CPU.Build.0 = Debug|x64
		{D7472EE6-C6AE-4A15-B983-F68075C3F382}.Debug|x64.ActiveCfg = Debug|x64
		{D7472EE6-C6AE-4A15-B983-F68075C3F382}.Debug|x64.Build.0 = Debug|x64
		{D7472EE6-C6AE-4A15-B983-F68075C3F382}.Debug|x86.ActiveCfg = Debug|x64
		{D7472EE6-C6AE-4A15-B983-F68075C3F382}.Debug|x86.Build.0 = Debug|x64
		{D7472EE6-C6AE-4A15-B983-F68075C3F382}.Release|Any CPU.ActiveCfg = Release|x64
		{D7472EE6-C6AE-4A15-B983-F68075C3F382}.Release|Any CPU.Build.0 = Release|x64
		{D7472EE6-C6AE-4A15-B983-F68075C3F382}.Release|x64.ActiveCfg = Release|x64
		{D7472EE6-C6AE-4A15-B983-F68075C3F382}.Release|x64.Build.0 = Release|x64
		{D7472EE6-C6AE-4A15-B983-F68075C3F382}.Release|x86.ActiveCfg = Release|x64
		{D7472EE6-C6AE-4A15-B983-F68075C3F382}.Release|x86.Build.0 = Release|x64
		{F5037E67-457B-4601-8F17-57CE95886CF5}.Debug|Any CPU.ActiveCfg = Debug|x64
		{F5037E67-457B-4601-8F17-57CE95886CF5}.Debug|Any CPU.Build.0 = Debug|x64
		{F5037E67-457B-4601-8F17-57CE95886CF5}.Debug|x64.ActiveCfg = Debug|x64
		{F5037E67-457B-4601-8F17-57CE95886CF5}.Debug|x64.Build.0 = Debug|x64
		{F5037E67-457B-4601-8F17-57CE95886CF5}.Debug|x86.ActiveCfg = Debug|x64
		{F5037E67-457B-4601-8F17-57CE95886CF5}.Debug|x86.Build.0 = Debug|x64
		{F5037E67-457B-4601-8F17-57CE95886CF5}.Release|Any CPU.ActiveCfg = Release|x64
		{F5037E67-457B-4601-8F17-57CE95886CF5}.Release|Any CPU.Build.0 = Release|x64
		{F5037E67-457B-4601-8F17-57CE95886CF5}.Release|x64.ActiveCfg = Release|x64
		{F5037E67-457B-4601-8F17-57CE95886CF5}.Release|x64.Build.0 = Release|x64
		{F5037E67-457B-4601-8F17-57CE95886CF5}.Release|x86.ActiveCfg = Release|x64
		{F5037E67-457B-4601-8F17-57CE95886CF5}.Release|x86.Build.0 = Release|x64
		{F33AEA67-EE4D-4616-A58D-53F0A8712AB4}.Debug|Any CPU.ActiveCfg = Debug|x64
		{F33AEA67-EE4D-4616-A58D-53F0A8712AB4}.Debug|Any CPU.Build.0 = Debug|x64
		{F33AEA67-EE4D-4616-A58D-53F0A8712AB4}.Debug|x64.ActiveCfg = Debug|x64
		{F33AEA67-EE4D-4616-A58D-53F0A8712AB4}.Debug|x64.Build.0 = Debug|x64
		{F33AEA67-EE4D-4616-A58D-53F0A8712AB4}.Debug|x86.ActiveCfg = Debug|x64
		{F33AEA67-EE4D-4616-A58D-53F0A8712AB4}.Debug|x86.Build.0 = Debug|x64
		{F33AEA67-EE4D-4616-A58D-53F0A8712AB4}.Release|Any CPU.ActiveCfg = Release|x64
		{F33AEA67-EE4D-4616-A58D-53F0A8712AB4}.Release|Any CPU.Build.0 = Release|x64
		{F33AEA67-EE4D-4616-A58D-53F0A8712AB4}.Release|x64.ActiveCfg = Release|x64
		{F33AEA67-EE4D-4616-A58D-53F0A8712AB4}.Release|x64.Build.0 = Release|x64
		{F33AEA67-EE4D-4616-A58D-53F0A8712AB4}.Release|x86.ActiveCfg = Release|x64
		{F33AEA67-EE4D-4616-A58D-53F0A8712AB4}.Release|x86.Build.0 = Release|x64
		{47FBF1E0-C7FC-4E56-8642-C93FB17F2CCF}.Debug|Any CPU.ActiveCfg = Debug|x64
		{47FBF1E0-C7FC-4E56-8642-C93FB17F2CCF}.Debug|Any CPU.Build.0 = Debug|x64
		{47FBF1E0-C7FC-4E56-8642-C93FB17F2CCF}.Debug|x64.ActiveCfg = Debug|x64
		{47FBF1E0-C7FC-4E56-8642-C93FB17F2CCF}.Debug|x64.Build.0 = Debug|x64
		{47FBF1E0-C7FC-4E56-8642-C93FB17F2CCF}.Debug|x86.ActiveCfg = Debug|x64
		{47FBF1E0-C7FC-4E56-8642-C93FB17F2CCF}.Debug|x86.Build.0 = Debug|x64
		{47FBF1E0-C7FC-4E56-8642-C93FB17F2CCF}.Release|Any CPU.ActiveCfg = Release|x64
		{47FBF1E0-C7FC-4E56-8642-C93FB17F2CCF}.Release|Any CPU.Build.0 = Release|x64
		{47FBF1E0-C7FC-4E56-8642-C93FB17F2CCF}.Release|x64.ActiveCfg = Release|x64
		{47FBF1E0-C7FC-4E56-8642-C93FB17F2CCF}.Release|x64.Build.0 = Release|x64
		{47FBF1E0-C7FC-4E56-8642-C93FB17F2CCF}.Release|x86.ActiveCfg = Release|x64
		{47FBF1E0-C7FC-4E56-8642-C93FB17F2CCF}.Release|x86.Build.0 = Release|x64
		{23C8B965-A1D2-4C70-9F22-4B6434EB4B49}.Debug|Any CPU.ActiveCfg = Debug|x64
		{23C8B965-A1D2-4C70-9F22-4B6434EB4B49}.Debug|Any CPU.Build.0 = Debug|x64
		{23C8B965-A1D2-4C70-9F22-4B6434EB4B49}.Debug|x64.ActiveCfg = Debug|x64
		{23C8B965-A1D2-4C70-9F22-4B6434EB4B49}.Debug|x64.Build.0 = Debug|x64
		{23C8B965-A1D2-4C70-9F22-4B6434EB4B49}.Debug|x86.ActiveCfg = Debug|x64
		{23C8B965-A1D2-4C70-9F22-4B6434EB4B49}.Debug|x86.Build.0 = Debug|x64
		{23C8B965-A1D2-4C70-9F22-4B6434EB4B49}.Release|Any CPU.ActiveCfg = Release|x64
		{23C8B965-A1D2-4C70-9F22-4B6434EB4B49}.Release|Any CPU.Build.0 = Release|x64
		{23C8B965-A1D2-4C70-9F22-4B6434EB4B49}.Release|x64.ActiveCfg = Release|x64
		{23C8B965-A1D2-4C70-9F22-4B6434EB4B49}.Release|x64.Build.0 = Release|x64
		{23C8B965-A1D2-4C70-9F22-4B6434EB4B49}.Release|x86.ActiveCfg = Release|x64
		{23C8B965-A1D2-4C70-9F22-4B6434EB4B49}.Release|x86.Build.0 = Release|x64
		{E02FAC25-1F2B-4B17-8855-F5AE99767E37}.Debug|Any CPU.ActiveCfg = Debug|x64
		{E02FAC25-1F2B-4B17-8855-F5AE99767E37}.Debug|Any CPU.Build.0 = Debug|x64
		{E02FAC25-1F2B-4B17-8855-F5AE99767E37}.Debug|x64.ActiveCfg = Debug|x64
		{E02FAC25-1F2B-4B17-8855-F5AE99767E37}.Debug|x64.Build.0 = Debug|x64
		{E02FAC25-1F2B-4B17-8855-F5AE99767E37}.Debug|x86.ActiveCfg = Debug|x64
		{E02FAC25-1F2B-4B17-8855-F5AE99767E37}.Debug|x86.Build.0 = Debug|x64
		{E02FAC25-1F2B-4B17-8855-F5AE99767E37}.Release|Any CPU.ActiveCfg = Release|x64
		{E02FAC25-1F2B-4B17-8855-F5AE99767E37}.Release|Any CPU.Build.0 = Release|x64
		{E02FAC25-1F2B-4B17-8855-F5AE99767E37}.Release|x64.ActiveCfg = Release|x64
		{E02FAC25-1F2B-4B17-8855-F5AE99767E37}.Release|x64.Build.0 = Release|x64
		{E02FAC25-1F2B-4B17-8855-F5AE99767E37}.Release|x86.ActiveCfg = Release|x64
		{E02FAC25-1F2B-4B17-8855-F5AE99767E37}.Release|x86.Build.0 = Release|x64
		{98BD922D-FB99-4C76-AB54-17155F5932DD}.Debug|Any CPU.ActiveCfg = Debug|x64
		{98BD922D-FB99-4C76-AB54-17155F5932DD}.Debug|Any CPU.Build.0 = Debug|x64
		{98BD922D-FB99-4C76-AB54-17155F5932DD}.Debug|x64.ActiveCfg = Debug|x64
		{98BD922D-FB99-4C76-AB54-17155F5932DD}.Debug|x64.Build.0 = Debug|x64
		{98BD922D-FB99-4C76-AB54-17155F5932DD}.Debug|x86.ActiveCfg = Debug|x64
		{98BD922D-FB99-4C76-AB54-17155F5932DD}.Debug|x86.Build.0 = Debug|x64
		{98BD922D-FB99-4C76-AB54-17155F5932DD}.Release|Any CPU.ActiveCfg = Release|x64
		{98BD922D-FB99-4C76-AB54-17155F5932DD}.Release|Any CPU.Build.0 = Release|x64
		{98BD922D-FB99-4C76-AB54-17155F5932DD}.Release|x64.ActiveCfg = Release|x64
		{98BD922D-FB99-4C76-AB54-17155F5932DD}.Release|x64.Build.0 = Release|x64
		{98BD922D-FB99-4C76-AB54-17155F5932DD}.Release|x86.ActiveCfg = Release|x64
		{98BD922D-FB99-4C76-AB54-17155F5932DD}.Release|x86.Build.0 = Release|x64
		{B153D8DA-2A39-4F08-9EEA-8F7D33F25A52}.Debug|Any CPU.ActiveCfg = Debug|x64
		{B153D8DA-2A39-4F08-9EEA-8F7D33F25A52}.Debug|Any CPU.Build.0 = Debug|x64
		{B153D8DA-2A39-4F08-9EEA-8F7D33F25A52}.Debug|x64.ActiveCfg = Debug|x64
		{B153D8DA-2A39-4F08-9EEA-8F7D33F25A52}.Debug|x64.Build.0 = Debug|x64
		{B153D8DA-2A39-4F08-9EEA-8F7D33F25A52}.Debug|x86.ActiveCfg = Debug|x64
		{B153D8DA-2A39-4F08-9EEA-8F7D33F25A52}.Debug|x86.Build.0 = Debug|x64
		{B153D8DA-2A39-4F08-9EEA-8F7D33F25A52}.Release|Any CPU.ActiveCfg = Release|x64
		{B153D8DA-2A39-4F08-9EEA-8F7D33F25A52}.Release|Any CPU.Build.0 = Release|x64
		{B153D8DA-2A39-4F08-9EEA-8F7D33F25A52}.Release|x64.ActiveCfg = Release|x64
		{B153D8DA-2A39-4F08-9EEA-8F7D33F25A52}.Release|x64.Build.0 = Release|x64
		{B153D8DA-2A39-4F08-9EEA-8F7D33F25A52}.Release|x86.ActiveCfg = Release|x64
		{B153D8DA-2A39-4F08-9EEA-8F7D33F25A52}.Release|x86.Build.0 = Release|x64
		{47FA6A49-BBB2-413A-8ECE-E41459113C2D}.Debug|Any CPU.ActiveCfg = Debug|x64
		{47FA6A49-BBB2-413A-8ECE-E41459113C2D}.Debug|Any CPU.Build.0 = Debug|x64
		{47FA6A49-BBB2-413A-8ECE-E41459113C2D}.Debug|x64.ActiveCfg = Debug|x64
		{47FA6A49-BBB2-413A-8ECE-E41459113C2D}.Debug|x64.Build.0 = Debug|x64
		{47FA6A49-BBB2-413A-8ECE-E41459113C2D}.Debug|x86.ActiveCfg = Debug|x64
		{47FA6A49-BBB2-413A-8ECE-E41459113C2D}.Debug|x86.Build.0 = Debug|x64
		{47FA6A49-BBB2-413A-8ECE-E41459113C2D}.Release|Any CPU.ActiveCfg = Release|x64
		{47FA6A49-BBB2-413A-8ECE-E41459113C2D}.Release|Any CPU.Build.0 = Release|x64
		{47FA6A49-BBB2-413A-8ECE-E41459113C2D}.Release|x64.ActiveCfg = Release|x64
		{47FA6A49-BBB2-413A-8ECE-E41459113C2D}.Release|x64.Build.0 = Release|x64
		{47FA6A49-BBB2-413A-8ECE-E41459113C2D}.Release|x86.ActiveCfg = Release|x64
		{47FA6A49-BBB2-413A-8ECE-E41459113C2D}.Release|x86.Build.0 = Release|x64
		{E3BF8EE0-D4A9-4571-9E2A-1458A3526D4B}.Debug|Any CPU.ActiveCfg = Debug|x64
		{E3BF8EE0-D4A9-4571-9E2A-1458A3526D4B}.Debug|Any CPU.Build.0 = Debug|x64
		{E3BF8EE0-D4A9-4571-9E2A-1458A3526D4B}.Debug|x64.ActiveCfg = Debug|x64
		{E3BF8EE0-D4A9-4571-9E2A-1458A3526D4B}.Debug|x64.Build.0 = Debug|x64
		{E3BF8EE0-D4A9-4571-9E2A-1458A3526D4B}.Debug|x86.ActiveCfg = Debug|x64
		{E3BF8EE0-D4A9-4571-9E2A-1458A3526D4B}.Debug|x86.Build.0 = Debug|x64
		{E3BF8EE0-D4A9-4571-9E2A-1458A3526D4B}.Release|Any CPU.ActiveCfg = Release|x64
		{E3BF8EE0-D4A9-4571-9E2A-1458A3526D4B}.Release|Any CPU.Build.0 = Release|x64
		{E3BF8EE0-D4A9-4571-9E2A-1458A3526D4B}.Release|x64.ActiveCfg = Release|x64
		{E3BF8EE0-D4A9-4571-9E2A-1458A3526D4B}.Release|x64.Build.0 = Release|x64
		{E3BF8EE0-D4A9-4571-9E2A-1458A3526D4B}.Release|x86.ActiveCfg = Release|x64
		{E3BF8EE0-D4A9-4571-9E2A-1458A3526D4B}.Release|x86.Build.0 = Release|x64
		{D5310DA1-69AC-4EA7-A8C1-DD04B9B46AEA}.Debug|Any CPU.ActiveCfg = Debug|x64
		{D5310DA1-69AC-4EA7-A8C1-DD04B9B46AEA}.Debug|Any CPU.Build.0 = Debug|x64
		{D5310DA1-69AC-4EA7-A8C1-DD04B9B46AEA}.Debug|x64.ActiveCfg = Debug|x64
		{D5310DA1-69AC-4EA7-A8C1-DD04B9B46AEA}.Debug|x64.Build.0 = Debug|x64
		{D5310DA1-69AC-4EA7-A8C1-DD04B9B46AEA}.Debug|x86.ActiveCfg = Debug|x64
		{D5310DA1-69AC-4EA7-A8C1-DD04B9B46AEA}.Debug|x86.Build.0 = Debug|x64
		{D5310DA1-69AC-4EA7-A8C1-DD04B9B46AEA}.Release|Any CPU.ActiveCfg = Release|x64
		{D5310DA1-69AC-4EA7-A8C1-DD04B9B46AEA}.Release|Any CPU.Build.0 = Release|x64
		{D5310DA1-69AC-4EA7-A8C1-DD04B9B46AEA}.Release|x64.ActiveCfg = Release|x64
		{D5310DA1-69AC-4EA7-A8C1-DD04B9B46AEA}.Release|x64.Build.0 = Release|x64
		{D5310DA1-69AC-4EA7-A8C1-DD04B9B46AEA}.Release|x86.ActiveCfg = Release|x64
		{D5310DA1-69AC-4EA7-A8C1-DD04B9B46AEA}.Release|x86.Build.0 = Release|x64
		{39555F83-5A2C-4A71-8A5E-3C29FB7CEACD}.Debug|Any CPU.ActiveCfg = Debug|x64
		{39555F83-5A2C-4A71-8A5E-3C29FB7CEACD}.Debug|Any CPU.Build.0 = Debug|x64
		{39555F83-5A2C-4A71-8A5E-3C29FB7CEACD}.Debug|x64.ActiveCfg = Debug|x64
		{39555F83-5A2C-4A71-8A5E-3C29FB7CEACD}.Debug|x64.Build.0 = Debug|x64
		{39555F83-5A2C-4A71-8A5E-3C29FB7CEACD}.Debug|x86.ActiveCfg = Debug|x64
		{39555F83-5A2C-4A71-8A5E-3C29FB7CEACD}.Debug|x86.Build.0 = Debug|x64
		{39555F83-5A2C-4A71-8A5E-3C29FB7CEACD}.Release|Any CPU.ActiveCfg = Release|x64
		{39555F83-5A2C-4A71-8A5E-3C29FB7CEACD}.Release|Any CPU.Build.0 = Release|x64
		{39555F83-5A2C-4A71-8A5E-3C29FB7CEACD}.Release|x64.ActiveCfg = Release|x64
		{39555F83-5A2C-4A71-8A5E-3C29FB7CEACD}.Release|x64.Build.0 = Release|x64
		{39555F83-5A2C-4A71-8A5E-3C29FB7CEACD}.Release|x86.ActiveCfg = Release|x64
		{39555F83-5A2C-4A71-8A5E-3C29FB7CEACD}.Release|x86.Build.0 = Release|x64
		{93358EA0-B7C4-4C8C-8456-F58F1772D996}.Debug|Any CPU.ActiveCfg = Debug|x64
		{93358EA0-B7C4-4C8C-8456-F58F1772D996}.Debug|Any CPU.Build.0 = Debug|x64
		{93358EA0-B7C4-4C8C-8456-F58F1772D996}.Debug|x64.ActiveCfg = Debug|x64
		{93358EA0-B7C4-4C8C-8456-F58F1772D996}.Debug|x64.Build.0 = Debug|x64
		{93358EA0-B7C4-4C8C-8456-F58F1772D996}.Debug|x86.ActiveCfg = Debug|x64
		{93358EA0-B7C4-4C8C-8456-F58F1772D996}.Debug|x86.Build.0 = Debug|x64
		{93358EA0-B7C4-4C8C-8456-F58F1772D996}.Release|Any CPU.ActiveCfg = Release|x64
		{93358EA0-B7C4-4C8C-8456-F58F1772D996}.Release|Any CPU.Build.0 = Release|x64
		{93358EA0-B7C4-4C8C-8456-F58F1772D996}.Release|x64.ActiveCfg = Release|x64
		{93358EA0-B7C4-4C8C-8456-F58F1772D996}.Release|x64.Build.0 = Release|x64
		{93358EA0-B7C4-4C8C-8456-F58F1772D996}.Release|x86.ActiveCfg = Release|x64
		{93358EA0-B7C4-4C8C-8456-F58F1772D996}.Release|x86.Build.0 = Release|x64
		{A6131B4E-0189-41D3-AD30-5102F2D11519}.Debug|Any CPU.ActiveCfg = Debug|x64
		{A6131B4E-0189-41D3-AD30-5102F2D11519}.Debug|Any CPU.Build.0 = Debug|x64
		{A6131B4E-0189-41D3-AD30-5102F2D11519}.Debug|x64.ActiveCfg = Debug|x64
		{A6131B4E-0189-41D3-AD30-5102F2D11519}.Debug|x64.Build.0 = Debug|x64
		{A6131B4E-0189-41D3-AD30-5102F2D11519}.Debug|x86.ActiveCfg = Debug|x64
		{A6131B4E-0189-41D3-AD30-5102F2D11519}.Debug|x86.Build.0 = Debug|x64
		{A6131B4E-0189-41D3-AD30-5102F2D11519}.Release|Any CPU.ActiveCfg = Release|x64
		{A6131B4E-0189-41D3-AD30-5102F2D11519}.Release|Any CPU.Build.0 = Release|x64
		{A6131B4E-0189-41D3-AD30-5102F2D11519}.Release|x64.ActiveCfg = Release|x64
		{A6131B4E-0189-41D3-AD30-5102F2D11519}.Release|x64.Build.0 = Release|x64
		{A6131B4E-0189-41D3-AD30-5102F2D11519}.Release|x86.ActiveCfg = Release|x64
		{A6131B4E-0189-41D3-AD30-5102F2D11519}.Release|x86.Build.0 = Release|x64
		{CE0B1F12-1BC7-44BF-9E04-9981170E6C07}.Debug|Any CPU.ActiveCfg = Debug|x64
		{CE0B1F12-1BC7-44BF-9E04-9981170E6C07}.Debug|Any CPU.Build.0 = Debug|x64
		{CE0B1F12-1BC7-44BF-9E04-9981170E6C07}.Debug|x64.ActiveCfg = Debug|x64
		{CE0B1F12-1BC7-44BF-9E04-9981170E6C07}.Debug|x64.Build.0 = Debug|x64
		{CE0B1F12-1BC7-44BF-9E04-9981170E6C07}.Debug|x86.ActiveCfg = Debug|x64
		{CE0B1F12-1BC7-44BF-9E04-9981170E6C07}.Debug|x86.Build.0 = Debug|x64
		{CE0B1F12-1BC7-44BF-9E04-9981170E6C07}.Release|Any CPU.ActiveCfg = Release|x64
		{CE0B1F12-1BC7-44BF-9E04-9981170E6C07}.Release|Any CPU.Build.0 = Release|x64
		{CE0B1F12-1BC7-44BF-9E04-9981170E6C07}.Release|x64.ActiveCfg = Release|x64
		{CE0B1F12-1BC7-44BF-9E04-9981170E6C07}.Release|x64.Build.0 = Release|x64
		{CE0B1F12-1BC7-44BF-9E04-9981170E6C07}.Release|x86.ActiveCfg = Release|x64
		{CE0B1F12-1BC7-44BF-9E04-9981170E6C07}.Release|x86.Build.0 = Release|x64
		{6245B4EF-58B1-45C1-9C52-3D5C540E745D}.Debug|Any CPU.ActiveCfg = Debug|x64
		{6245B4EF-58B1-45C1-9C52-3D5C540E745D}.Debug|Any CPU.Build.0 = Debug|x64
		{6245B4EF-58B1-45C1-9C52-3D5C540E745D}.Debug|x64.ActiveCfg = Debug|x64
		{6245B4EF-58B1-45C1-9C52-3D5C540E745D}.Debug|x64.Build.0 = Debug|x64
		{6245B4EF-58B1-45C1-9C52-3D5C540E745D}.Debug|x86.ActiveCfg = Debug|x64
		{6245B4EF-58B1-45C1-9C52-3D5C540E745D}.Debug|x86.Build.0 = Debug|x64
		{6245B4EF-58B1-45C1-9C52-3D5C540E745D}.Release|Any CPU.ActiveCfg = Release|x64
		{6245B4EF-58B1-45C1-9C52-3D5C540E745D}.Release|Any CPU.Build.0 = Release|x64
		{6245B4EF-58B1-45C1-9C52-3D5C540E745D}.Release|x64.ActiveCfg = Release|x64
		{6245B4EF-58B1-45C1-9C52-3D5C540E745D}.Release|x64.Build.0 = Release|x64
		{6245B4EF-58B1-45C1-9C52-3D5C540E745D}.Release|x86.ActiveCfg = Release|x64
		{6245B4EF-58B1-45C1-9C52-3D5C540E745D}.Release|x86.Build.0 = Release|x64
		{00406FCF-0B47-4EF1-8EBE-F077DE939890}.Debug|Any CPU.ActiveCfg = Debug|x64
		{00406FCF-0B47-4EF1-8EBE-F077DE939890}.Debug|Any CPU.Build.0 = Debug|x64
		{00406FCF-0B47-4EF1-8EBE-F077DE939890}.Debug|x64.ActiveCfg = Debug|x64
		{00406FCF-0B47-4EF1-8EBE-F077DE939890}.Debug|x64.Build.0 = Debug|x64
		{00406FCF-0B47-4EF1-8EBE-F077DE939890}.Debug|x86.ActiveCfg = Debug|x64
		{00406FCF-0B47-4EF1-8EBE-F077DE939890}.Debug|x86.Build.0 = Debug|x64
		{00406FCF-0B47-4EF1-8EBE-F077DE939890}.Release|Any CPU.ActiveCfg = Release|x64
		{00406FCF-0B47-4EF1-8EBE-F077DE939890}.Release|Any CPU.Build.0 = Release|x64
		{00406FCF-0B47-4EF1-8EBE-F077DE939890}.Release|x64.ActiveCfg = Release|x64
		{00406FCF-0B47-4EF1-8EBE-F077DE939890}.Release|x64.Build.0 = Release|x64
		{00406FCF-0B47-4EF1-8EBE-F077DE939890}.Release|x86.ActiveCfg = Release|x64
		{00406FCF-0B47-4EF1-8EBE-F077DE939890}.Release|x86.Build.0 = Release|x64
		{B967EBE1-72E1-4F50-8194-612C4A12119D}.Debug|Any CPU.ActiveCfg = Debug|x64
		{B967EBE1-72E1-4F50-8194-612C4A12119D}.Debug|Any CPU.Build.0 = Debug|x64
		{B967EBE1-72E1-4F50-8194-612C4A12119D}.Debug|x64.ActiveCfg = Debug|x64
		{B967EBE1-72E1-4F50-8194-612C4A12119D}.Debug|x64.Build.0 = Debug|x64
		{B967EBE1-72E1-4F50-8194-612C4A12119D}.Debug|x86.ActiveCfg = Debug|x64
		{B967EBE1-72E1-4F50-8194-612C4A12119D}.Debug|x86.Build.0 = Debug|x64
		{B967EBE1-72E1-4F50-8194-612C4A12119D}.Release|Any CPU.ActiveCfg = Release|x64
		{B967EBE1-72E1-4F50-8194-612C4A12119D}.Release|Any CPU.Build.0 = Release|x64
		{B967EBE1-72E1-4F50-8194-612C4A12119D}.Release|x64.ActiveCfg = Release|x64
		{B967EBE1-72E1-4F50-8194-612C4A12119D}.Release|x64.Build.0 = Release|x64
		{B967EBE1-72E1-4F50-8194-612C4A12119D}.Release|x86.ActiveCfg = Release|x64
		{B967EBE1-72E1-4F50-8194-612C4A12119D}.Release|x86.Build.0 = Release|x64
		{E0364F56-C996-4981-AFAD-50AE54A5B30A}.Debug|Any CPU.ActiveCfg = Debug|x64
		{E0364F56-C996-4981-AFAD-50AE54A5B30A}.Debug|Any CPU.Build.0 = Debug|x64
		{E0364F56-C996-4981-AFAD-50AE54A5B30A}.Debug|x64.ActiveCfg = Debug|x64
		{E0364F56-C996-4981-AFAD-50AE54A5B30A}.Debug|x64.Build.0 = Debug|x64
		{E0364F56-C996-4981-AFAD-50AE54A5B30A}.Debug|x86.ActiveCfg = Debug|x64
		{E0364F56-C996-4981-AFAD-50AE54A5B30A}.Debug|x86.Build.0 = Debug|x64
		{E0364F56-C996-4981-AFAD-50AE54A5B30A}.Release|Any CPU.ActiveCfg = Release|x64
		{E0364F56-C996-4981-AFAD-50AE54A5B30A}.Release|Any CPU.Build.0 = Release|x64
		{E0364F56-C996-4981-AFAD-50AE54A5B30A}.Release|x64.ActiveCfg = Release|x64
		{E0364F56-C996-4981-AFAD-50AE54A5B30A}.Release|x64.Build.0 = Release|x64
		{E0364F56-C996-4981-AFAD-50AE54A5B30A}.Release|x86.ActiveCfg = Release|x64
		{E0364F56-C996-4981-AFAD-50AE54A5B30A}.Release|x86.Build.0 = Release|x64
		{BAF91DD0-05AB-4C65-BB08-A31B35D7A114}.Debug|Any CPU.ActiveCfg = Debug|x64
		{BAF91DD0-05AB-4C65-BB08-A31B35D7A114}.Debug|Any CPU.Build.0 = Debug|x64
		{BAF91DD0-05AB-4C65-BB08-A31B35D7A114}.Debug|x64.ActiveCfg = Debug|x64
		{BAF91DD0-05AB-4C65-BB08-A31B35D7A114}.Debug|x64.Build.0 = Debug|x64
		{BAF91DD0-05AB-4C65-BB08-A31B35D7A114}.Debug|x86.ActiveCfg = Debug|x64
		{BAF91DD0-05AB-4C65-BB08-A31B35D7A114}.Debug|x86.Build.0 = Debug|x64
		{BAF91DD0-05AB-4C65-BB08-A31B35D7A114}.Release|Any CPU.ActiveCfg = Release|x64
		{BAF91DD0-05AB-4C65-BB08-A31B35D7A114}.Release|Any CPU.Build.0 = Release|x64
		{BAF91DD0-05AB-4C65-BB08-A31B35D7A114}.Release|x64.ActiveCfg = Release|x64
		{BAF91DD0-05AB-4C65-BB08-A31B35D7A114}.Release|x64.Build.0 = Release|x64
		{BAF91DD0-05AB-4C65-BB08-A31B35D7A114}.Release|x86.ActiveCfg = Release|x64
		{BAF91DD0-05AB-4C65-BB08-A31B35D7A114}.Release|x86.Build.0 = Release|x64
		{768B5B49-BE18-4509-A272-9CCE1C287ADD}.Debug|Any CPU.ActiveCfg = Debug|x64
		{768B5B49-BE18-4509-A272-9CCE1C287ADD}.Debug|Any CPU.Build.0 = Debug|x64
		{768B5B49-BE18-4509-A272-9CCE1C287ADD}.Debug|x64.ActiveCfg = Debug|x64
		{768B5B49-BE18-4509-A272-9CCE1C287ADD}.Debug|x64.Build.0 = Debug|x64
		{768B5B49-BE18-4509-A272-9CCE1C287ADD}.Debug|x86.ActiveCfg = Debug|x64
		{768B5B49-BE18-4509-A272-9CCE1C287ADD}.Debug|x86.Build.0 = Debug|x64
		{768B5B49-BE18-4509-A272-9CCE1C287ADD}.Release|Any CPU.ActiveCfg = Release|x64
		{768B5B49-BE18-4509-A272-9CCE1C287ADD}.Release|Any CPU.Build.0 = Release|x64
		{768B5B49-BE18-4509-A272-9CCE1C287ADD}.Release|x64.ActiveCfg = Release|x64
		{768B5B49-BE18-4509-A272-9CCE1C287ADD}.Release|x64.Build.0 = Release|x64
		{768B5B49-BE18-4509-A272-9CCE1C287ADD}.Release|x86.ActiveCfg = Release|x64
		{768B5B49-BE18-4509-A272-9CCE1C287ADD}.Release|x86.Build.0 = Release|x64
		{C7704418-0059-4585-BB3D-BF7D4345DAB5}.Debug|Any CPU.ActiveCfg = Debug|x64
		{C7704418-0059-4585-BB3D-BF7D4345DAB5}.Debug|Any CPU.Build.0 = Debug|x64
		{C7704418-0059-4585-BB3D-BF7D4345DAB5}.Debug|x64.ActiveCfg = Debug|x64
		{C7704418-0059-4585-BB3D-BF7D4345DAB5}.Debug|x64.Build.0 = Debug|x64
		{C7704418-0059-4585-BB3D-BF7D4345DAB5}.Debug|x86.ActiveCfg = Debug|x64
		{C7704418-0059-4585-BB3D-BF7D4345DAB5}.Debug|x86.Build.0 = Debug|x64
		{C7704418-0059-4585-BB3D-BF7D4345DAB5}.Release|Any CPU.ActiveCfg = Release|x64
		{C7704418-0059-4585-BB3D-BF7D4345DAB5}.Release|Any CPU.Build.0 = Release|x64
		{C7704418-0059-4585-BB3D-BF7D4345DAB5}.Release|x64.ActiveCfg = Release|x64
		{C7704418-0059-4585-BB3D-BF7D4345DAB5}.Release|x64.Build.0 = Release|x64
		{C7704418-0059-4585-BB3D-BF7D4345DAB5}.Release|x86.ActiveCfg = Release|x64
		{C7704418-0059-4585-BB3D-BF7D4345DAB5}.Release|x86.Build.0 = Release|x64
		{E6CE1589-3271-4912-B690-B17B8113D6E7}.Debug|Any CPU.ActiveCfg = Debug|x64
		{E6CE1589-3271-4912-B690-B17B8113D6E7}.Debug|Any CPU.Build.0 = Debug|x64
		{E6CE1589-3271-4912-B690-B17B8113D6E7}.Debug|x64.ActiveCfg = Debug|x64
		{E6CE1589-3271-4912-B690-B17B8113D6E7}.Debug|x64.Build.0 = Debug|x64
		{E6CE1589-3271-4912-B690-B17B8113D6E7}.Debug|x86.ActiveCfg = Debug|x64
		{E6CE1589-3271-4912-B690-B17B8113D6E7}.Debug|x86.Build.0 = Debug|x64
		{E6CE1589-3271-4912-B690-B17B8113D6E7}.Release|Any CPU.ActiveCfg = Release|x64
		{E6CE1589-3271-4912-B690-B17B8113D6E7}.Release|Any CPU.Build.0 = Release|x64
		{E6CE1589-3271-4912-B690-B17B8113D6E7}.Release|x64.ActiveCfg = Release|x64
		{E6CE1589-3271-4912-B690-B17B8113D6E7}.Release|x64.Build.0 = Release|x64
		{E6CE1589-3271-4912-B690-B17B8113D6E7}.Release|x86.ActiveCfg = Release|x64
		{E6CE1589-3271-4912-B690-B17B8113D6E7}.Release|x86.Build.0 = Release|x64
		{6896BF67-2B7B-4856-AB41-29D76E28B1F4}.Debug|Any CPU.ActiveCfg = Debug|x64
		{6896BF67-2B7B-4856-AB41-29D76E28B1F4}.Debug|Any CPU.Build.0 = Debug|x64
		{6896BF67-2B7B-4856-AB41-29D76E28B1F4}.Debug|x64.ActiveCfg = Debug|x64
		{6896BF67-2B7B-4856-AB41-29D76E28B1F4}.Debug|x64.Build.0 = Debug|x64
		{6896BF67-2B7B-4856-AB41-29D76E28B1F4}.Debug|x86.ActiveCfg = Debug|x64
		{6896BF67-2B7B-4856-AB41-29D76E28B1F4}.Debug|x86.Build.0 = Debug|x64
		{6896BF67-2B7B-4856-AB41-29D76E28B1F4}.Release|Any CPU.ActiveCfg = Release|x64
		{6896BF67-2B7B-4856-AB41-29D76E28B1F4}.Release|Any CPU.Build.0 = Release|x64
		{6896BF67-2B7B-4856-AB41-29D76E28B1F4}.Release|x64.ActiveCfg = Release|x64
		{6896BF67-2B7B-4856-AB41-29D76E28B1F4}.Release|x64.Build.0 = Release|x64
		{6896BF67-2B7B-4856-AB41-29D76E28B1F4}.Release|x86.ActiveCfg = Release|x64
		{6896BF67-2B7B-4856-AB41-29D76E28B1F4}.Release|x86.Build.0 = Release|x64
		{17C0852D-5218-461C-B9B2-E0D80C9CA514}.Debug|Any CPU.ActiveCfg = Debug|x64
		{17C0852D-5218-461C-B9B2-E0D80C9CA514}.Debug|Any CPU.Build.0 = Debug|x64
		{17C0852D-5218-461C-B9B2-E0D80C9CA514}.Debug|x64.ActiveCfg = Debug|x64
		{17C0852D-5218-461C-B9B2-E0D80C9CA514}.Debug|x64.Build.0 = Debug|x64
		{17C0852D-5218-461C-B9B2-E0D80C9CA514}.Debug|x86.ActiveCfg = Debug|x64
		{17C0852D-5218-461C-B9B2-E0D80C9CA514}.Debug|x86.Build.0 = Debug|x64
		{17C0852D-5218-461C-B9B2-E0D80C9CA514}.Release|Any CPU.ActiveCfg = Release|x64
		{17C0852D-5218-461C-B9B2-E0D80C9CA514}.Release|Any CPU.Build.0 = Release|x64
		{17C0852D-5218-461C-B9B2-E0D80C9CA514}.Release|x64.ActiveCfg = Release|x64
		{17C0852D-5218-461C-B9B2-E0D80C9CA514}.Release|x64.Build.0 = Release|x64
		{17C0852D-5218-461C-B9B2-E0D80C9CA514}.Release|x86.ActiveCfg = Release|x64
		{17C0852D-5218-461C-B9B2-E0D80C9CA514}.Release|x86.Build.0 = Release|x64
		{78A32A01-FAE3-40A5-87CD-1146EF0C0CA5}.Debug|Any CPU.ActiveCfg = Debug|x64
		{78A32A01-FAE3-40A5-87CD-1146EF0C0CA5}.Debug|Any CPU.Build.0 = Debug|x64
		{78A32A01-FAE3-40A5-87CD-1146EF0C0CA5}.Debug|x64.ActiveCfg = Debug|x64
		{78A32A01-FAE3-40A5-87CD-1146EF0C0CA5}.Debug|x64.Build.0 = Debug|x64
		{78A32A01-FAE3-40A5-87CD-1146EF0C0CA5}.Debug|x86.ActiveCfg = Debug|x64
		{78A32A01-FAE3-40A5-87CD-1146EF0C0CA5}.Debug|x86.Build.0 = Debug|x64
		{78A32A01-FAE3-40A5-87CD-1146EF0C0CA5}.Release|Any CPU.ActiveCfg = Release|x64
		{78A32A01-FAE3-40A5-87CD-1146EF0C0CA5}.Release|Any CPU.Build.0 = Release|x64
		{78A32A01-FAE3-40A5-87CD-1146EF0C0CA5}.Release|x64.ActiveCfg = Release|x64
		{78A32A01-FAE3-40A5-87CD-1146EF0C0CA5}.Release|x64.Build.0 = Release|x64
		{78A32A01-FAE3-40A5-87CD-1146EF0C0CA5}.Release|x86.ActiveCfg = Release|x64
		{78A32A01-FAE3-40A5-87CD-1146EF0C0CA5}.Release|x86.Build.0 = Release|x64
		{9041C4B2-1B32-419B-9201-156F446F46B1}.Debug|Any CPU.ActiveCfg = Debug|x64
		{9041C4B2-1B32-419B-9201-156F446F46B1}.Debug|Any CPU.Build.0 = Debug|x64
		{9041C4B2-1B32-419B-9201-156F446F46B1}.Debug|x64.ActiveCfg = Debug|x64
		{9041C4B2-1B32-419B-9201-156F446F46B1}.Debug|x64.Build.0 = Debug|x64
		{9041C4B2-1B32-419B-9201-156F446F46B1}.Debug|x86.ActiveCfg = Debug|x64
		{9041C4B2-1B32-419B-9201-156F446F46B1}.Debug|x86.Build.0 = Debug|x64
		{9041C4B2-1B32-419B-9201-156F446F46B1}.Release|Any CPU.ActiveCfg = Release|x64
		{9041C4B2-1B32-419B-9201-156F446F46B1}.Release|Any CPU.Build.0 = Release|x64
		{9041C4B2-1B32-419B-9201-156F446F46B1}.Release|x64.ActiveCfg = Release|x64
		{9041C4B2-1B32-419B-9201-156F446F46B1}.Release|x64.Build.0 = Release|x64
		{9041C4B2-1B32-419B-9201-156F446F46B1}.Release|x86.ActiveCfg = Release|x64
		{9041C4B2-1B32-419B-9201-156F446F46B1}.Release|x86.Build.0 = Release|x64
		{668E2031-F176-4006-BC44-AAD80366ED89}.Debug|Any CPU.ActiveCfg = Debug|x64
		{668E2031-F176-4006-BC44-AAD80366ED89}.Debug|Any CPU.Build.0 = Debug|x64
		{668E2031-F176-4006-BC44-AAD80366ED89}.Debug|x64.ActiveCfg = Debug|x64
		{668E2031-F176-4006-BC44-AAD80366ED89}.Debug|x64.Build.0 = Debug|x64
		{668E2031-F176-4006-BC44-AAD80366ED89}.Debug|x86.ActiveCfg = Debug|x64
		{668E2031-F176-4006-BC44-AAD80366ED89}.Debug|x86.Build.0 = Debug|x64
		{668E2031-F176-4006-BC44-AAD80366ED89}.Release|Any CPU.ActiveCfg = Release|x64
		{668E2031-F176-4006-BC44-AAD80366ED89}.Release|Any CPU.Build.0 = Release|x64
		{668E2031-F176-4006-BC44-AAD80366ED89}.Release|x64.ActiveCfg = Release|x64
		{668E2031-F176-4006-BC44-AAD80366ED89}.Release|x64.Build.0 = Release|x64
		{668E2031-F176-4006-BC44-AAD80366ED89}.Release|x86.ActiveCfg = Release|x64
		{668E2031-F176-4006-BC44-AAD80366ED89}.Release|x86.Build.0 = Release|x64
		{4BAC26CF-3792-4AF5-B8A3-2B61778DFDDE}.Debug|Any CPU.ActiveCfg = Debug|x64
		{4BAC26CF-3792-4AF5-B8A3-2B61778DFDDE}.Debug|Any CPU.Build.0 = Debug|x64
		{4BAC26CF-3792-4AF5-B8A3-2B61778DFDDE}.Debug|x64.ActiveCfg = Debug|x64
		{4BAC26CF-3792-4AF5-B8A3-2B61778DFDDE}.Debug|x64.Build.0 = Debug|x64
		{4BAC26CF-3792-4AF5-B8A3-2B61778DFDDE}.Debug|x86.ActiveCfg = Debug|x64
		{4BAC26CF-3792-4AF5-B8A3-2B61778DFDDE}.Debug|x86.Build.0 = Debug|x64
		{4BAC26CF-3792-4AF5-B8A3-2B61778DFDDE}.Release|Any CPU.ActiveCfg = Release|x64
		{4BAC26CF-3792-4AF5-B8A3-2B61778DFDDE}.Release|Any CPU.Build.0 = Release|x64
		{4BAC26CF-3792-4AF5-B8A3-2B61778DFDDE}.Release|x64.ActiveCfg = Release|x64
		{4BAC26CF-3792-4AF5-B8A3-2B61778DFDDE}.Release|x64.Build.0 = Release|x64
		{4BAC26CF-3792-4AF5-B8A3-2B61778DFDDE}.Release|x86.ActiveCfg = Release|x64
		{4BAC26CF-3792-4AF5-B8A3-2B61778DFDDE}.Release|x86.Build.0 = Release|x64
		{6FB9D95C-97DE-40A6-9E09-612E8D23125E}.Debug|Any CPU.ActiveCfg = Debug|x64
		{6FB9D95C-97DE-40A6-9E09-612E8D23125E}.Debug|Any CPU.Build.0 = Debug|x64
		{6FB9D95C-97DE-40A6-9E09-612E8D23125E}.Debug|x64.ActiveCfg = Debug|x64
		{6FB9D95C-97DE-40A6-9E09-612E8D23125E}.Debug|x64.Build.0 = Debug|x64
		{6FB9D95C-97DE-40A6-9E09-612E8D23125E}.Debug|x86.ActiveCfg = Debug|x64
		{6FB9D95C-97DE-40A6-9E09-612E8D23125E}.Debug|x86.Build.0 = Debug|x64
		{6FB9D95C-97DE-40A6-9E09-612E8D23125E}.Release|Any CPU.ActiveCfg = Release|x64
		{6FB9D95C-97DE-40A6-9E09-612E8D23125E}.Release|Any CPU.Build.0 = Release|x64
		{6FB9D95C-97DE-40A6-9E09-612E8D23125E}.Release|x64.ActiveCfg = Release|x64
		{6FB9D95C-97DE-40A6-9E09-612E8D23125E}.Release|x64.Build.0 = Release|x64
		{6FB9D95C-97DE-40A6-9E09-612E8D23125E}.Release|x86.ActiveCfg = Release|x64
		{6FB9D95C-97DE-40A6-9E09-612E8D23125E}.Release|x86.Build.0 = Release|x64
		{8C92D121-9866-489C-AF9D-A9513B7936D4}.Debug|Any CPU.ActiveCfg = Debug|x64
		{8C92D121-9866-489C-AF9D-A9513B7936D4}.Debug|Any CPU.Build.0 = Debug|x64
		{8C92D121-9866-489C-AF9D-A9513B7936D4}.Debug|x64.ActiveCfg = Debug|x64
		{8C92D121-9866-489C-AF9D-A9513B7936D4}.Debug|x64.Build.0 = Debug|x64
		{8C92D121-9866-489C-AF9D-A9513B7936D4}.Debug|x86.ActiveCfg = Debug|x64
		{8C92D121-9866-489C-AF9D-A9513B7936D4}.Debug|x86.Build.0 = Debug|x64
		{8C92D121-9866-489C-AF9D-A9513B7936D4}.Release|Any CPU.ActiveCfg = Release|x64
		{8C92D121-9866-489C-AF9D-A9513B7936D4}.Release|Any CPU.Build.0 = Release|x64
		{8C92D121-9866-489C-AF9D-A9513B7936D4}.Release|x64.ActiveCfg = Release|x64
		{8C92D121-9866-489C-AF9D-A9513B7936D4}.Release|x64.Build.0 = Release|x64
		{8C92D121-9866-489C-AF9D-A9513B7936D4}.Release|x86.ActiveCfg = Release|x64
		{8C92D121-9866-489C-AF9D-A9513B7936D4}.Release|x86.Build.0 = Release|x64
		{DED2842F-C313-4295-9F59-DB82882F5C77}.Debug|Any CPU.ActiveCfg = Debug|x64
		{DED2842F-C313-4295-9F59-DB82882F5C77}.Debug|Any CPU.Build.0 = Debug|x64
		{DED2842F-C313-4295-9F59-DB82882F5C77}.Debug|x64.ActiveCfg = Debug|x64
		{DED2842F-C313-4295-9F59-DB82882F5C77}.Debug|x64.Build.0 = Debug|x64
		{DED2842F-C313-4295-9F59-DB82882F5C77}.Debug|x86.ActiveCfg = Debug|x64
		{DED2842F-C313-4295-9F59-DB82882F5C77}.Debug|x86.Build.0 = Debug|x64
		{DED2842F-C313-4295-9F59-DB82882F5C77}.Release|Any CPU.ActiveCfg = Release|x64
		{DED2842F-C313-4295-9F59-DB82882F5C77}.Release|Any CPU.Build.0 = Release|x64
		{DED2842F-C313-4295-9F59-DB82882F5C77}.Release|x64.ActiveCfg = Release|x64
		{DED2842F-C313-4295-9F59-DB82882F5C77}.Release|x64.Build.0 = Release|x64
		{DED2842F-C313-4295-9F59-DB82882F5C77}.Release|x86.ActiveCfg = Release|x64
		{DED2842F-C313-4295-9F59-DB82882F5C77}.Release|x86.Build.0 = Release|x64
		{8653A31D-6EDC-4553-A34E-2CC330EB97C8}.Debug|Any CPU.ActiveCfg = Debug|x64
		{8653A31D-6EDC-4553-A34E-2CC330EB97C8}.Debug|Any CPU.Build.0 = Debug|x64
		{8653A31D-6EDC-4553-A34E-2CC330EB97C8}.Debug|x64.ActiveCfg = Debug|x64
		{8653A31D-6EDC-4553-A34E-2CC330EB97C8}.Debug|x64.Build.0 = Debug|x64
		{8653A31D-6EDC-4553-A34E-2CC330EB97C8}.Debug|x86.ActiveCfg = Debug|x64
		{8653A31D-6EDC-4553-A34E-2CC330EB97C8}.Debug|x86.Build.0 = Debug|x64
		{8653A31D-6EDC-4553-A34E-2CC330EB97C8}.Release|Any CPU.ActiveCfg = Release|x64
		{8653A31D-6EDC-4553-A34E-2CC330EB97C8}.Release|Any CPU.Build.0 = Release|x64
		{8653A31D-6EDC-4553-A34E-2CC330EB97C8}.Release|x64.ActiveCfg = Release|x64
		{8653A31D-6EDC-4553-A34E-2CC330EB97C8}.Release|x64.Build.0 = Release|x64
		{8653A31D-6EDC-4553-A34E-2CC330EB97C8}.Release|x86.ActiveCfg = Release|x64
		{8653A31D-6EDC-4553-A34E-2CC330EB97C8}.Release|x86.Build.0 = Release|x64
		{7244914F-3495-4EC1-B814-47A7376544F8}.Debug|Any CPU.ActiveCfg = Debug|x64
		{7244914F-3495-4EC1-B814-47A7376544F8}.Debug|Any CPU.Build.0 = Debug|x64
		{7244914F-3495-4EC1-B814-47A7376544F8}.Debug|x64.ActiveCfg = Debug|x64
		{7244914F-3495-4EC1-B814-47A7376544F8}.Debug|x64.Build.0 = Debug|x64
		{7244914F-3495-4EC1-B814-47A7376544F8}.Debug|x86.ActiveCfg = Debug|x64
		{7244914F-3495-4EC1-B814-47A7376544F8}.Debug|x86.Build.0 = Debug|x64
		{7244914F-3495-4EC1-B814-47A7376544F8}.Release|Any CPU.ActiveCfg = Release|x64
		{7244914F-3495-4EC1-B814-47A7376544F8}.Release|Any CPU.Build.0 = Release|x64
		{7244914F-3495-4EC1-B814-47A7376544F8}.Release|x64.ActiveCfg = Release|x64
		{7244914F-3495-4EC1-B814-47A7376544F8}.Release|x64.Build.0 = Release|x64
		{7244914F-3495-4EC1-B814-47A7376544F8}.Release|x86.ActiveCfg = Release|x64
		{7244914F-3495-4EC1-B814-47A7376544F8}.Release|x86.Build.0 = Release|x64
		{A681156B-52B9-4974-A093-B69E9E843AA0}.Debug|Any CPU.ActiveCfg = Debug|x64
		{A681156B-52B9-4974-A093-B69E9E843AA0}.Debug|Any CPU.Build.0 = Debug|x64
		{A681156B-52B9-4974-A093-B69E9E843AA0}.Debug|x64.ActiveCfg = Debug|x64
		{A681156B-52B9-4974-A093-B69E9E843AA0}.Debug|x64.Build.0 = Debug|x64
		{A681156B-52B9-4974-A093-B69E9E843AA0}.Debug|x86.ActiveCfg = Debug|x64
		{A681156B-52B9-4974-A093-B69E9E843AA0}.Debug|x86.Build.0 = Debug|x64
		{A681156B-52B9-4974-A093-B69E9E843AA0}.Release|Any CPU.ActiveCfg = Release|x64
		{A681156B-52B9-4974-A093-B69E9E843AA0}.Release|Any CPU.Build.0 = Release|x64
		{A681156B-52B9-4974-A093-B69E9E843AA0}.Release|x64.ActiveCfg = Release|x64
		{A681156B-52B9-4974-A093-B69E9E843AA0}.Release|x64.Build.0 = Release|x64
		{A681156B-52B9-4974-A093-B69E9E843AA0}.Release|x86.ActiveCfg = Release|x64
		{A681156B-52B9-4974-A093-B69E9E843AA0}.Release|x86.Build.0 = Release|x64
		{2E098632-C86C-47FA-B524-72FCA07DD93B}.Debug|Any CPU.ActiveCfg = Debug|x64
		{2E098632-C86C-47FA-B524-72FCA07DD93B}.Debug|Any CPU.Build.0 = Debug|x64
		{2E098632-C86C-47FA-B524-72FCA07DD93B}.Debug|x64.ActiveCfg = Debug|x64
		{2E098632-C86C-47FA-B524-72FCA07DD93B}.Debug|x64.Build.0 = Debug|x64
		{2E098632-C86C-47FA-B524-72FCA07DD93B}.Debug|x86.ActiveCfg = Debug|x64
		{2E098632-C86C-47FA-B524-72FCA07DD93B}.Debug|x86.Build.0 = Debug|x64
		{2E098632-C86C-47FA-B524-72FCA07DD93B}.Release|Any CPU.ActiveCfg = Release|x64
		{2E098632-C86C-47FA-B524-72FCA07DD93B}.Release|Any CPU.Build.0 = Release|x64
		{2E098632-C86C-47FA-B524-72FCA07DD93B}.Release|x64.ActiveCfg = Release|x64
		{2E098632-C86C-47FA-B524-72FCA07DD93B}.Release|x64.Build.0 = Release|x64
		{2E098632-C86C-47FA-B524-72FCA07DD93B}.Release|x86.ActiveCfg = Release|x64
		{2E098632-C86C-47FA-B524-72FCA07DD93B}.Release|x86.Build.0 = Release|x64
		{805F6488-E5D9-4AA8-A621-F2F2C25EC4D6}.Debug|Any CPU.ActiveCfg = Debug|x64
		{805F6488-E5D9-4AA8-A621-F2F2C25EC4D6}.Debug|Any CPU.Build.0 = Debug|x64
		{805F6488-E5D9-4AA8-A621-F2F2C25EC4D6}.Debug|x64.ActiveCfg = Debug|x64
		{805F6488-E5D9-4AA8-A621-F2F2C25EC4D6}.Debug|x64.Build.0 = Debug|x64
		{805F6488-E5D9-4AA8-A621-F2F2C25EC4D6}.Debug|x86.ActiveCfg = Debug|x64
		{805F6488-E5D9-4AA8-A621-F2F2C25EC4D6}.Debug|x86.Build.0 = Debug|x64
		{805F6488-E5D9-4AA8-A621-F2F2C25EC4D6}.Release|Any CPU.ActiveCfg = Release|x64
		{805F6488-E5D9-4AA8-A621-F2F2C25EC4D6}.Release|Any CPU.Build.0 = Release|x64
		{805F6488-E5D9-4AA8-A621-F2F2C25EC4D6}.Release|x64.ActiveCfg = Release|x64
		{805F6488-E5D9-4AA8-A621-F2F2C25EC4D6}.Release|x64.Build.0 = Release|x64
		{805F6488-E5D9-4AA8-A621-F2F2C25EC4D6}.Release|x86.ActiveCfg = Release|x64
		{805F6488-E5D9-4AA8-A621-F2F2C25EC4D6}.Release|x86.Build.0 = Release|x64
		{AD3D7A80-CE7B-4432-BC7C-629D0E76E79B}.Debug|Any CPU.ActiveCfg = Debug|x64
		{AD3D7A80-CE7B-4432-BC7C-629D0E76E79B}.Debug|Any CPU.Build.0 = Debug|x64
		{AD3D7A80-CE7B-4432-BC7C-629D0E76E79B}.Debug|x64.ActiveCfg = Debug|x64
		{AD3D7A80-CE7B-4432-BC7C-629D0E76E79B}.Debug|x64.Build.0 = Debug|x64
		{AD3D7A80-CE7B-4432-BC7C-629D0E76E79B}.Debug|x86.ActiveCfg = Debug|x64
		{AD3D7A80-CE7B-4432-BC7C-629D0E76E79B}.Debug|x86.Build.0 = Debug|x64
		{AD3D7A80-CE7B-4432-BC7C-629D0E76E79B}.Release|Any CPU.ActiveCfg = Release|x64
		{AD3D7A80-CE7B-4432-BC7C-629D0E76E79B}.Release|Any CPU.Build.0 = Release|x64
		{AD3D7A80-CE7B-4432-BC7C-629D0E76E79B}.Release|x64.ActiveCfg = Release|x64
		{AD3D7A80-CE7B-4432-BC7C-629D0E76E79B}.Release|x64.Build.0 = Release|x64
		{AD3D7A80-CE7B-4432-BC7C-629D0E76E79B}.Release|x86.ActiveCfg = Release|x64
		{AD3D7A80-CE7B-4432-BC7C-629D0E76E79B}.Release|x86.Build.0 = Release|x64
		{95240912-F3C5-4CE4-8628-79CC7830B08E}.Debug|Any CPU.ActiveCfg = Debug|x64
		{95240912-F3C5-4CE4-8628-79CC7830B08E}.Debug|Any CPU.Build.0 = Debug|x64
		{95240912-F3C5-4CE4-8628-79CC7830B08E}.Debug|x64.ActiveCfg = Debug|x64
		{95240912-F3C5-4CE4-8628-79CC7830B08E}.Debug|x64.Build.0 = Debug|x64
		{95240912-F3C5-4CE4-8628-79CC7830B08E}.Debug|x86.ActiveCfg = Debug|x64
		{95240912-F3C5-4CE4-8628-79CC7830B08E}.Debug|x86.Build.0 = Debug|x64
		{95240912-F3C5-4CE4-8628-79CC7830B08E}.Release|Any CPU.ActiveCfg = Release|x64
		{95240912-F3C5-4CE4-8628-79CC7830B08E}.Release|Any CPU.Build.0 = Release|x64
		{95240912-F3C5-4CE4-8628-79CC7830B08E}.Release|x64.ActiveCfg = Release|x64
		{95240912-F3C5-4CE4-8628-79CC7830B08E}.Release|x64.Build.0 = Release|x64
		{95240912-F3C5-4CE4-8628-79CC7830B08E}.Release|x86.ActiveCfg = Release|x64
		{95240912-F3C5-4CE4-8628-79CC7830B08E}.Release|x86.Build.0 = Release|x64
		{D84CD534-EEF8-4F71-8FC4-030BABA2939D}.Debug|Any CPU.ActiveCfg = Debug|x64
		{D84CD534-EEF8-4F71-8FC4-030BABA2939D}.Debug|Any CPU.Build.0 = Debug|x64
		{D84CD534-EEF8-4F71-8FC4-030BABA2939D}.Debug|x64.ActiveCfg = Debug|x64
		{D84CD534-EEF8-4F71-8FC4-030BABA2939D}.Debug|x64.Build.0 = Debug|x64
		{D84CD534-EEF8-4F71-8FC4-030BABA2939D}.Debug|x86.ActiveCfg = Debug|x64
		{D84CD534-EEF8-4F71-8FC4-030BABA2939D}.Debug|x86.Build.0 = Debug|x64
		{D84CD534-EEF8-4F71-8FC4-030BABA2939D}.Release|Any CPU.ActiveCfg = Release|x64
		{D84CD534-EEF8-4F71-8FC4-030BABA2939D}.Release|Any CPU.Build.0 = Release|x64
		{D84CD534-EEF8-4F71-8FC4-030BABA2939D}.Release|x64.ActiveCfg = Release|x64
		{D84CD534-EEF8-4F71-8FC4-030BABA2939D}.Release|x64.Build.0 = Release|x64
		{D84CD534-EEF8-4F71-8FC4-030BABA2939D}.Release|x86.ActiveCfg = Release|x64
		{D84CD534-EEF8-4F71-8FC4-030BABA2939D}.Release|x86.Build.0 = Release|x64
		{AAC77DB1-1C4C-4FFE-AC7A-ED9D6C70DF1E}.Debug|Any CPU.ActiveCfg = Debug|x64
		{AAC77DB1-1C4C-4FFE-AC7A-ED9D6C70DF1E}.Debug|Any CPU.Build.0 = Debug|x64
		{AAC77DB1-1C4C-4FFE-AC7A-ED9D6C70DF1E}.Debug|x64.ActiveCfg = Debug|x64
		{AAC77DB1-1C4C-4FFE-AC7A-ED9D6C70DF1E}.Debug|x64.Build.0 = Debug|x64
		{AAC77DB1-1C4C-4FFE-AC7A-ED9D6C70DF1E}.Debug|x86.ActiveCfg = Debug|x64
		{AAC77DB1-1C4C-4FFE-AC7A-ED9D6C70DF1E}.Debug|x86.Build.0 = Debug|x64
		{AAC77DB1-1C4C-4FFE-AC7A-ED9D6C70DF1E}.Release|Any CPU.ActiveCfg = Release|x64
		{AAC77DB1-1C4C-4FFE-AC7A-ED9D6C70DF1E}.Release|Any CPU.Build.0 = Release|x64
		{AAC77DB1-1C4C-4FFE-AC7A-ED9D6C70DF1E}.Release|x64.ActiveCfg = Release|x64
		{AAC77DB1-1C4C-4FFE-AC7A-ED9D6C70DF1E}.Release|x64.Build.0 = Release|x64
		{AAC77DB1-1C4C-4FFE-AC7A-ED9D6C70DF1E}.Release|x86.ActiveCfg = Release|x64
		{AAC77DB1-1C4C-4FFE-AC7A-ED9D6C70DF1E}.Release|x86.Build.0 = Release|x64
		{61022A61-5CCD-4056-8174-E9710E5B869F}.Debug|Any CPU.ActiveCfg = Debug|x64
		{61022A61-5CCD-4056-8174-E9710E5B869F}.Debug|Any CPU.Build.0 = Debug|x64
		{61022A61-5CCD-4056-8174-E9710E5B869F}.Debug|x64.ActiveCfg = Debug|x64
		{61022A61-5CCD-4056-8174-E9710E5B869F}.Debug|x64.Build.0 = Debug|x64
		{61022A61-5CCD-4056-8174-E9710E5B869F}.Debug|x86.ActiveCfg = Debug|x64
		{61022A61-5CCD-4056-8174-E9710E5B869F}.Debug|x86.Build.0 = Debug|x64
		{61022A61-5CCD-4056-8174-E9710E5B869F}.Release|Any CPU.ActiveCfg = Release|x64
		{61022A61-5CCD-4056-8174-E9710E5B869F}.Release|Any CPU.Build.0 = Release|x64
		{61022A61-5CCD-4056-8174-E9710E5B869F}.Release|x64.ActiveCfg = Release|x64
		{61022A61-5CCD-4056-8174-E9710E5B869F}.Release|x64.Build.0 = Release|x64
		{61022A61-5CCD-4056-8174-E9710E5B869F}.Release|x86.ActiveCfg = Release|x64
		{61022A61-5CCD-4056-8174-E9710E5B869F}.Release|x86.Build.0 = Release|x64
	EndGlobalSection
	GlobalSection(SolutionProperties) = preSolution
		HideSolutionNode = FALSE
	EndGlobalSection
	GlobalSection(NestedProjects) = preSolution
		{A5F1E9EB-D2D7-4E8C-89F2-A7CD7D08E310} = {0AB3BF05-4346-4AA6-1389-037BE0695223}
		{75D7BE6F-8904-4DC2-B635-AC4D278CC0D9} = {0AB3BF05-4346-4AA6-1389-037BE0695223}
		{0BEC5089-0135-40E4-AC58-3D609FEB6A01} = {827E0CD3-B72D-47B6-A68D-7590B98EB39B}
		{C5ED320B-27BC-4AD5-8BC5-F6D402835ECF} = {827E0CD3-B72D-47B6-A68D-7590B98EB39B}
		{01F45EEB-DA36-45E0-852D-4A9126B9A8E4} = {827E0CD3-B72D-47B6-A68D-7590B98EB39B}
		{E6072259-9878-4017-ACBE-95016A3BD169} = {0AB3BF05-4346-4AA6-1389-037BE0695223}
		{867C3CEC-6C12-428E-A5D5-C34497885600} = {827E0CD3-B72D-47B6-A68D-7590B98EB39B}
		{34DD5516-9E8D-4610-B993-C346BB705D74} = {0AB3BF05-4346-4AA6-1389-037BE0695223}
		{D28D25C4-EEB8-467F-922A-2DED4B826741} = {827E0CD3-B72D-47B6-A68D-7590B98EB39B}
		{92E60636-F982-4A3D-BE01-3DDC7C46BAF5} = {827E0CD3-B72D-47B6-A68D-7590B98EB39B}
		{51949870-76E9-49A8-80FD-35521867BF09} = {0AB3BF05-4346-4AA6-1389-037BE0695223}
		{FD845B15-A53F-445D-BE5A-020B522C3716} = {0AB3BF05-4346-4AA6-1389-037BE0695223}
		{BE74BB3D-8C82-4C38-BFC5-14F1F41C95AB} = {827E0CD3-B72D-47B6-A68D-7590B98EB39B}
		{B22AC6D5-00BC-4761-9931-8D7BDC65747C} = {827E0CD3-B72D-47B6-A68D-7590B98EB39B}
		{5A912C4C-2A64-4B44-99D7-A8C6DABA1AB3} = {827E0CD3-B72D-47B6-A68D-7590B98EB39B}
		{9B73D741-80D2-45FC-B4A4-41F5C664A52C} = {827E0CD3-B72D-47B6-A68D-7590B98EB39B}
		{80A08933-481C-4D2E-88D3-528FCC5726CA} = {827E0CD3-B72D-47B6-A68D-7590B98EB39B}
		{603CB380-5493-4005-9C02-B8A5DA41D02F} = {0AB3BF05-4346-4AA6-1389-037BE0695223}
		{B8A98FA7-404D-41B3-BFF4-DCBEF9EC3496} = {827E0CD3-B72D-47B6-A68D-7590B98EB39B}
		{661FCF5C-CBC5-44C9-9077-0706A759D34A} = {827E0CD3-B72D-47B6-A68D-7590B98EB39B}
		{8E1DA631-8970-4406-9AB1-8F1CAF108650} = {827E0CD3-B72D-47B6-A68D-7590B98EB39B}
		{0A01E420-7384-4001-AEDC-E19C1C721FD9} = {0AB3BF05-4346-4AA6-1389-037BE0695223}
		{9C5C46D2-B61F-426D-858D-77D589111A33} = {0AB3BF05-4346-4AA6-1389-037BE0695223}
		{151737B1-CE6A-43A1-A0F2-F484455E7DE9} = {827E0CD3-B72D-47B6-A68D-7590B98EB39B}
		{578CE829-8828-4CDF-9730-A1B08CE12692} = {827E0CD3-B72D-47B6-A68D-7590B98EB39B}
		{D50AC477-584E-41F1-B8AB-B10C373E3341} = {827E0CD3-B72D-47B6-A68D-7590B98EB39B}
		{120D8EBA-FF5A-4658-BA62-62CFCBB9106D} = {0AB3BF05-4346-4AA6-1389-037BE0695223}
		{D7472EE6-C6AE-4A15-B983-F68075C3F382} = {827E0CD3-B72D-47B6-A68D-7590B98EB39B}
		{F5037E67-457B-4601-8F17-57CE95886CF5} = {0AB3BF05-4346-4AA6-1389-037BE0695223}
		{F33AEA67-EE4D-4616-A58D-53F0A8712AB4} = {827E0CD3-B72D-47B6-A68D-7590B98EB39B}
		{47FBF1E0-C7FC-4E56-8642-C93FB17F2CCF} = {827E0CD3-B72D-47B6-A68D-7590B98EB39B}
		{23C8B965-A1D2-4C70-9F22-4B6434EB4B49} = {0AB3BF05-4346-4AA6-1389-037BE0695223}
		{E02FAC25-1F2B-4B17-8855-F5AE99767E37} = {0AB3BF05-4346-4AA6-1389-037BE0695223}
		{98BD922D-FB99-4C76-AB54-17155F5932DD} = {827E0CD3-B72D-47B6-A68D-7590B98EB39B}
		{B153D8DA-2A39-4F08-9EEA-8F7D33F25A52} = {0AB3BF05-4346-4AA6-1389-037BE0695223}
		{47FA6A49-BBB2-413A-8ECE-E41459113C2D} = {827E0CD3-B72D-47B6-A68D-7590B98EB39B}
		{E3BF8EE0-D4A9-4571-9E2A-1458A3526D4B} = {0AB3BF05-4346-4AA6-1389-037BE0695223}
		{D5310DA1-69AC-4EA7-A8C1-DD04B9B46AEA} = {827E0CD3-B72D-47B6-A68D-7590B98EB39B}
		{39555F83-5A2C-4A71-8A5E-3C29FB7CEACD} = {0AB3BF05-4346-4AA6-1389-037BE0695223}
		{93358EA0-B7C4-4C8C-8456-F58F1772D996} = {827E0CD3-B72D-47B6-A68D-7590B98EB39B}
		{A6131B4E-0189-41D3-AD30-5102F2D11519} = {0AB3BF05-4346-4AA6-1389-037BE0695223}
		{CE0B1F12-1BC7-44BF-9E04-9981170E6C07} = {827E0CD3-B72D-47B6-A68D-7590B98EB39B}
		{6245B4EF-58B1-45C1-9C52-3D5C540E745D} = {0AB3BF05-4346-4AA6-1389-037BE0695223}
		{00406FCF-0B47-4EF1-8EBE-F077DE939890} = {827E0CD3-B72D-47B6-A68D-7590B98EB39B}
		{B967EBE1-72E1-4F50-8194-612C4A12119D} = {0AB3BF05-4346-4AA6-1389-037BE0695223}
		{E0364F56-C996-4981-AFAD-50AE54A5B30A} = {827E0CD3-B72D-47B6-A68D-7590B98EB39B}
		{BAF91DD0-05AB-4C65-BB08-A31B35D7A114} = {827E0CD3-B72D-47B6-A68D-7590B98EB39B}
		{768B5B49-BE18-4509-A272-9CCE1C287ADD} = {827E0CD3-B72D-47B6-A68D-7590B98EB39B}
		{C7704418-0059-4585-BB3D-BF7D4345DAB5} = {827E0CD3-B72D-47B6-A68D-7590B98EB39B}
		{E6CE1589-3271-4912-B690-B17B8113D6E7} = {0AB3BF05-4346-4AA6-1389-037BE0695223}
		{6896BF67-2B7B-4856-AB41-29D76E28B1F4} = {0AB3BF05-4346-4AA6-1389-037BE0695223}
		{17C0852D-5218-461C-B9B2-E0D80C9CA514} = {827E0CD3-B72D-47B6-A68D-7590B98EB39B}
		{78A32A01-FAE3-40A5-87CD-1146EF0C0CA5} = {0AB3BF05-4346-4AA6-1389-037BE0695223}
		{9041C4B2-1B32-419B-9201-156F446F46B1} = {827E0CD3-B72D-47B6-A68D-7590B98EB39B}
		{668E2031-F176-4006-BC44-AAD80366ED89} = {827E0CD3-B72D-47B6-A68D-7590B98EB39B}
		{4BAC26CF-3792-4AF5-B8A3-2B61778DFDDE} = {0AB3BF05-4346-4AA6-1389-037BE0695223}
		{6FB9D95C-97DE-40A6-9E09-612E8D23125E} = {0AB3BF05-4346-4AA6-1389-037BE0695223}
		{8C92D121-9866-489C-AF9D-A9513B7936D4} = {827E0CD3-B72D-47B6-A68D-7590B98EB39B}
		{DED2842F-C313-4295-9F59-DB82882F5C77} = {0AB3BF05-4346-4AA6-1389-037BE0695223}
		{8653A31D-6EDC-4553-A34E-2CC330EB97C8} = {0AB3BF05-4346-4AA6-1389-037BE0695223}
		{7244914F-3495-4EC1-B814-47A7376544F8} = {827E0CD3-B72D-47B6-A68D-7590B98EB39B}
		{A681156B-52B9-4974-A093-B69E9E843AA0} = {827E0CD3-B72D-47B6-A68D-7590B98EB39B}
		{2E098632-C86C-47FA-B524-72FCA07DD93B} = {0AB3BF05-4346-4AA6-1389-037BE0695223}
		{805F6488-E5D9-4AA8-A621-F2F2C25EC4D6} = {827E0CD3-B72D-47B6-A68D-7590B98EB39B}
		{AD3D7A80-CE7B-4432-BC7C-629D0E76E79B} = {0AB3BF05-4346-4AA6-1389-037BE0695223}
		{95240912-F3C5-4CE4-8628-79CC7830B08E} = {827E0CD3-B72D-47B6-A68D-7590B98EB39B}
		{D84CD534-EEF8-4F71-8FC4-030BABA2939D} = {0AB3BF05-4346-4AA6-1389-037BE0695223}
		{AAC77DB1-1C4C-4FFE-AC7A-ED9D6C70DF1E} = {827E0CD3-B72D-47B6-A68D-7590B98EB39B}
		{61022A61-5CCD-4056-8174-E9710E5B869F} = {0AB3BF05-4346-4AA6-1389-037BE0695223}
	EndGlobalSection
EndGlobal
